<?xml version="1.0" encoding="UTF-8"?>
<!DOCTYPE plist PUBLIC "-//Apple//DTD PLIST 1.0//EN" "http://www.apple.com/DTDs/PropertyList-1.0.dtd">
<plist version="1.0">
<dict>
	<key>archiveVersion</key>
	<string>1</string>
	<key>classes</key>
	<dict/>
	<key>objectVersion</key>
	<string>46</string>
	<key>objects</key>
	<dict>
		<key>7901C6D61D623A3000EE349B</key>
		<dict>
			<key>fileEncoding</key>
			<string>4</string>
			<key>isa</key>
			<string>PBXFileReference</string>
			<key>lastKnownFileType</key>
			<string>sourcecode.swift</string>
			<key>path</key>
			<string>MangaRealm.swift</string>
			<key>sourceTree</key>
			<string>&lt;group&gt;</string>
		</dict>
		<key>7901C6D71D623A3000EE349B</key>
		<dict>
			<key>fileRef</key>
			<string>7901C6D61D623A3000EE349B</string>
			<key>isa</key>
			<string>PBXBuildFile</string>
		</dict>
		<key>7901C6D81D623C4900EE349B</key>
		<dict>
			<key>fileRef</key>
			<string>7901C6D61D623A3000EE349B</string>
			<key>isa</key>
			<string>PBXBuildFile</string>
		</dict>
		<key>7901C6DB1D62421D00EE349B</key>
		<dict>
			<key>isa</key>
			<string>PBXFileReference</string>
			<key>lastKnownFileType</key>
			<string>wrapper.framework</string>
			<key>name</key>
			<string>RxRealm.framework</string>
			<key>path</key>
			<string>Carthage/Build/Mac/RxRealm.framework</string>
			<key>sourceTree</key>
			<string>&lt;group&gt;</string>
		</dict>
		<key>7901C6DC1D62421D00EE349B</key>
		<dict>
			<key>fileRef</key>
			<string>7901C6DB1D62421D00EE349B</string>
			<key>isa</key>
			<string>PBXBuildFile</string>
		</dict>
		<key>7901C6DD1D62425E00EE349B</key>
		<dict>
			<key>fileRef</key>
			<string>7983E90F1D5B9A200001A46C</string>
			<key>isa</key>
			<string>PBXBuildFile</string>
		</dict>
		<key>7901C6DE1D62425E00EE349B</key>
		<dict>
			<key>fileRef</key>
			<string>7983E9101D5B9A200001A46C</string>
			<key>isa</key>
			<string>PBXBuildFile</string>
		</dict>
		<key>7901C6DF1D62427A00EE349B</key>
		<dict>
			<key>fileRef</key>
			<string>7901C6DB1D62421D00EE349B</string>
			<key>isa</key>
			<string>PBXBuildFile</string>
		</dict>
		<key>7901C6E11D62498A00EE349B</key>
		<dict>
			<key>fileEncoding</key>
			<string>4</string>
			<key>isa</key>
			<string>PBXFileReference</string>
			<key>lastKnownFileType</key>
			<string>sourcecode.swift</string>
			<key>path</key>
			<string>Database.swift</string>
			<key>sourceTree</key>
			<string>&lt;group&gt;</string>
		</dict>
		<key>7901C6E21D62498A00EE349B</key>
		<dict>
			<key>fileRef</key>
			<string>7901C6E11D62498A00EE349B</string>
			<key>isa</key>
			<string>PBXBuildFile</string>
		</dict>
		<key>7901C6E31D6249D700EE349B</key>
		<dict>
			<key>fileRef</key>
			<string>7901C6E11D62498A00EE349B</string>
			<key>isa</key>
			<string>PBXBuildFile</string>
		</dict>
		<key>79065F3C1D3412EA005DB5AE</key>
		<dict>
			<key>fileEncoding</key>
			<string>4</string>
			<key>isa</key>
			<string>PBXFileReference</string>
			<key>lastKnownFileType</key>
			<string>file.xib</string>
			<key>path</key>
			<string>MangaCollection.xib</string>
			<key>sourceTree</key>
			<string>&lt;group&gt;</string>
		</dict>
		<key>79065F3D1D3412EA005DB5AE</key>
		<dict>
			<key>fileRef</key>
			<string>79065F3C1D3412EA005DB5AE</string>
			<key>isa</key>
			<string>PBXBuildFile</string>
		</dict>
		<key>79065F3E1D34147C005DB5AE</key>
		<dict>
			<key>fileEncoding</key>
			<string>4</string>
			<key>isa</key>
			<string>PBXFileReference</string>
			<key>lastKnownFileType</key>
			<string>file.xib</string>
			<key>path</key>
			<string>ChapterCollection.xib</string>
			<key>sourceTree</key>
			<string>&lt;group&gt;</string>
		</dict>
		<key>79065F3F1D34147C005DB5AE</key>
		<dict>
			<key>fileRef</key>
			<string>79065F3E1D34147C005DB5AE</string>
			<key>isa</key>
			<string>PBXBuildFile</string>
		</dict>
		<key>790ABFC21D54F9AD004BAB8D</key>
		<dict>
			<key>fileEncoding</key>
			<string>4</string>
			<key>isa</key>
			<string>PBXFileReference</string>
			<key>lastKnownFileType</key>
			<string>sourcecode.swift</string>
			<key>path</key>
			<string>ActionButton.swift</string>
			<key>sourceTree</key>
			<string>&lt;group&gt;</string>
		</dict>
		<key>790ABFC31D54F9AD004BAB8D</key>
		<dict>
			<key>fileRef</key>
			<string>790ABFC21D54F9AD004BAB8D</string>
			<key>isa</key>
			<string>PBXBuildFile</string>
		</dict>
		<key>790ABFC41D54FB15004BAB8D</key>
		<dict>
			<key>fileRef</key>
			<string>790ABFC21D54F9AD004BAB8D</string>
			<key>isa</key>
			<string>PBXBuildFile</string>
		</dict>
		<key>790ABFC51D54FDC4004BAB8D</key>
		<dict>
			<key>fileEncoding</key>
			<string>4</string>
			<key>isa</key>
			<string>PBXFileReference</string>
			<key>lastKnownFileType</key>
			<string>sourcecode.swift</string>
			<key>path</key>
			<string>Router.swift</string>
			<key>sourceTree</key>
			<string>&lt;group&gt;</string>
		</dict>
		<key>790ABFC61D54FDC4004BAB8D</key>
		<dict>
			<key>fileRef</key>
			<string>790ABFC51D54FDC4004BAB8D</string>
			<key>isa</key>
			<string>PBXBuildFile</string>
		</dict>
		<key>790ABFC71D54FE1A004BAB8D</key>
		<dict>
			<key>fileRef</key>
			<string>790ABFC51D54FDC4004BAB8D</string>
			<key>isa</key>
			<string>PBXBuildFile</string>
		</dict>
		<key>790ABFC81D550250004BAB8D</key>
		<dict>
			<key>fileEncoding</key>
			<string>4</string>
			<key>isa</key>
			<string>PBXFileReference</string>
			<key>lastKnownFileType</key>
			<string>sourcecode.swift</string>
			<key>path</key>
			<string>Routes.swift</string>
			<key>sourceTree</key>
			<string>&lt;group&gt;</string>
		</dict>
		<key>790ABFC91D550250004BAB8D</key>
		<dict>
			<key>fileRef</key>
			<string>790ABFC81D550250004BAB8D</string>
			<key>isa</key>
			<string>PBXBuildFile</string>
		</dict>
		<key>790ABFCA1D550380004BAB8D</key>
		<dict>
			<key>fileRef</key>
			<string>790ABFC81D550250004BAB8D</string>
			<key>isa</key>
			<string>PBXBuildFile</string>
		</dict>
		<key>7916A2051D1844DF007CA1BD</key>
		<dict>
			<key>fileEncoding</key>
			<string>4</string>
			<key>isa</key>
			<string>PBXFileReference</string>
			<key>lastKnownFileType</key>
			<string>sourcecode.swift</string>
			<key>path</key>
			<string>ChapterPage.swift</string>
			<key>sourceTree</key>
			<string>&lt;group&gt;</string>
		</dict>
		<key>7916A2061D1844DF007CA1BD</key>
		<dict>
			<key>fileRef</key>
			<string>7916A2051D1844DF007CA1BD</string>
			<key>isa</key>
			<string>PBXBuildFile</string>
		</dict>
		<key>7916A2071D184701007CA1BD</key>
		<dict>
			<key>fileEncoding</key>
			<string>4</string>
			<key>isa</key>
			<string>PBXFileReference</string>
			<key>lastKnownFileType</key>
			<string>sourcecode.swift</string>
			<key>path</key>
			<string>ChapterPageSpec.swift</string>
			<key>sourceTree</key>
			<string>&lt;group&gt;</string>
		</dict>
		<key>7916A2081D184701007CA1BD</key>
		<dict>
			<key>fileRef</key>
			<string>7916A2071D184701007CA1BD</string>
			<key>isa</key>
			<string>PBXBuildFile</string>
		</dict>
		<key>7928CCEF1D64275F001F472D</key>
		<dict>
			<key>fileEncoding</key>
			<string>4</string>
			<key>isa</key>
			<string>PBXFileReference</string>
			<key>lastKnownFileType</key>
			<string>text.plist.xml</string>
			<key>path</key>
			<string>Components.plist</string>
			<key>sourceTree</key>
			<string>&lt;group&gt;</string>
		</dict>
		<key>7928CCF01D64275F001F472D</key>
		<dict>
			<key>fileRef</key>
			<string>7928CCEF1D64275F001F472D</string>
			<key>isa</key>
			<string>PBXBuildFile</string>
		</dict>
		<key>792A07491D5A349C009390D6</key>
		<dict>
			<key>fileEncoding</key>
			<string>4</string>
			<key>isa</key>
			<string>PBXFileReference</string>
			<key>lastKnownFileType</key>
			<string>sourcecode.swift</string>
			<key>path</key>
			<string>SearchTextInput.swift</string>
			<key>sourceTree</key>
			<string>&lt;group&gt;</string>
		</dict>
		<key>792A074A1D5A349C009390D6</key>
		<dict>
			<key>fileRef</key>
			<string>792A07491D5A349C009390D6</string>
			<key>isa</key>
			<string>PBXBuildFile</string>
		</dict>
		<key>792A074B1D5A34D2009390D6</key>
		<dict>
			<key>fileRef</key>
			<string>792A07491D5A349C009390D6</string>
			<key>isa</key>
			<string>PBXBuildFile</string>
		</dict>
		<key>79318B911D1EF91A006E6CF8</key>
		<dict>
			<key>fileEncoding</key>
			<string>4</string>
			<key>isa</key>
			<string>PBXFileReference</string>
			<key>lastKnownFileType</key>
			<string>sourcecode.swift</string>
			<key>path</key>
			<string>ChapterPageCollectionViewModel.swift</string>
			<key>sourceTree</key>
			<string>&lt;group&gt;</string>
		</dict>
		<key>79318B921D1EF91A006E6CF8</key>
		<dict>
			<key>fileRef</key>
			<string>79318B911D1EF91A006E6CF8</string>
			<key>isa</key>
			<string>PBXBuildFile</string>
		</dict>
		<key>79346A301D44FC6C00206487</key>
		<dict>
			<key>fileEncoding</key>
			<string>4</string>
			<key>isa</key>
			<string>PBXFileReference</string>
			<key>lastKnownFileType</key>
			<string>sourcecode.swift</string>
			<key>path</key>
			<string>Driver.swift</string>
			<key>sourceTree</key>
			<string>&lt;group&gt;</string>
		</dict>
		<key>79346A311D44FC6C00206487</key>
		<dict>
			<key>fileRef</key>
			<string>79346A301D44FC6C00206487</string>
			<key>isa</key>
			<string>PBXBuildFile</string>
		</dict>
		<key>7942DC6B1D6B6A1C00BD4A6C</key>
		<dict>
			<key>fileEncoding</key>
			<string>4</string>
			<key>isa</key>
			<string>PBXFileReference</string>
			<key>lastKnownFileType</key>
			<string>sourcecode.swift</string>
			<key>path</key>
			<string>OrderedSet.swift</string>
			<key>sourceTree</key>
			<string>&lt;group&gt;</string>
		</dict>
		<key>7942DC6C1D6B6A1C00BD4A6C</key>
		<dict>
			<key>fileRef</key>
			<string>7942DC6B1D6B6A1C00BD4A6C</string>
			<key>isa</key>
			<string>PBXBuildFile</string>
		</dict>
		<key>7942DC6D1D6B6C8100BD4A6C</key>
		<dict>
			<key>fileEncoding</key>
			<string>4</string>
			<key>isa</key>
			<string>PBXFileReference</string>
			<key>lastKnownFileType</key>
			<string>sourcecode.swift</string>
			<key>path</key>
			<string>OrderedSetSpec.swift</string>
			<key>sourceTree</key>
			<string>&lt;group&gt;</string>
		</dict>
		<key>7942DC6E1D6B6C8100BD4A6C</key>
		<dict>
			<key>fileRef</key>
			<string>7942DC6D1D6B6C8100BD4A6C</string>
			<key>isa</key>
			<string>PBXBuildFile</string>
		</dict>
		<key>7942DC6F1D6B74B600BD4A6C</key>
		<dict>
			<key>fileRef</key>
			<string>7942DC6B1D6B6A1C00BD4A6C</string>
			<key>isa</key>
			<string>PBXBuildFile</string>
		</dict>
		<key>794CF8291D0D9A46008761DF</key>
		<dict>
			<key>children</key>
			<array>
				<string>794CF82A1D0D9A5B008761DF</string>
				<string>7942DC6D1D6B6C8100BD4A6C</string>
			</array>
			<key>isa</key>
			<string>PBXGroup</string>
			<key>path</key>
			<string>Utils</string>
			<key>sourceTree</key>
			<string>&lt;group&gt;</string>
		</dict>
		<key>794CF82A1D0D9A5B008761DF</key>
		<dict>
			<key>fileEncoding</key>
			<string>4</string>
			<key>isa</key>
			<string>PBXFileReference</string>
			<key>lastKnownFileType</key>
			<string>sourcecode.swift</string>
			<key>path</key>
			<string>JSONFileReader.swift</string>
			<key>sourceTree</key>
			<string>&lt;group&gt;</string>
		</dict>
		<key>794CF82B1D0D9A5B008761DF</key>
		<dict>
			<key>fileRef</key>
			<string>794CF82A1D0D9A5B008761DF</string>
			<key>isa</key>
			<string>PBXBuildFile</string>
		</dict>
		<key>794CF82C1D0D9B51008761DF</key>
		<dict>
			<key>fileEncoding</key>
			<string>4</string>
			<key>isa</key>
			<string>PBXFileReference</string>
			<key>lastKnownFileType</key>
			<string>sourcecode.swift</string>
			<key>path</key>
			<string>MangaSpec.swift</string>
			<key>sourceTree</key>
			<string>&lt;group&gt;</string>
		</dict>
		<key>794CF82D1D0D9B51008761DF</key>
		<dict>
			<key>fileRef</key>
			<string>794CF82C1D0D9B51008761DF</string>
			<key>isa</key>
			<string>PBXBuildFile</string>
		</dict>
		<key>796048611D12FBEB006571B3</key>
		<dict>
			<key>fileEncoding</key>
			<string>4</string>
			<key>isa</key>
			<string>PBXFileReference</string>
			<key>lastKnownFileType</key>
			<string>sourcecode.swift</string>
			<key>path</key>
			<string>ChapterCollectionViewController.swift</string>
			<key>sourceTree</key>
			<string>&lt;group&gt;</string>
		</dict>
		<key>796048621D12FBEB006571B3</key>
		<dict>
			<key>fileRef</key>
			<string>796048611D12FBEB006571B3</string>
			<key>isa</key>
			<string>PBXBuildFile</string>
		</dict>
		<key>796048631D130620006571B3</key>
		<dict>
			<key>children</key>
			<array>
				<string>79932A371D4A7A320018370D</string>
				<string>7901C6E11D62498A00EE349B</string>
				<string>796048641D13062E006571B3</string>
				<string>79346A301D44FC6C00206487</string>
				<string>7942DC6B1D6B6A1C00BD4A6C</string>
				<string>790ABFC51D54FDC4004BAB8D</string>
			</array>
			<key>isa</key>
			<string>PBXGroup</string>
			<key>path</key>
			<string>Utils</string>
			<key>sourceTree</key>
			<string>&lt;group&gt;</string>
		</dict>
		<key>796048641D13062E006571B3</key>
		<dict>
			<key>fileEncoding</key>
			<string>4</string>
			<key>isa</key>
			<string>PBXFileReference</string>
			<key>lastKnownFileType</key>
			<string>sourcecode.swift</string>
			<key>path</key>
			<string>DisposeBag.swift</string>
			<key>sourceTree</key>
			<string>&lt;group&gt;</string>
		</dict>
		<key>796048651D13062E006571B3</key>
		<dict>
			<key>fileRef</key>
			<string>796048641D13062E006571B3</string>
			<key>isa</key>
			<string>PBXBuildFile</string>
		</dict>
		<key>796048681D130887006571B3</key>
		<dict>
			<key>fileEncoding</key>
			<string>4</string>
			<key>isa</key>
			<string>PBXFileReference</string>
			<key>lastKnownFileType</key>
			<string>sourcecode.swift</string>
			<key>path</key>
			<string>ChapterItem.swift</string>
			<key>sourceTree</key>
			<string>&lt;group&gt;</string>
		</dict>
		<key>796048691D130887006571B3</key>
		<dict>
			<key>fileRef</key>
			<string>796048681D130887006571B3</string>
			<key>isa</key>
			<string>PBXBuildFile</string>
		</dict>
		<key>7960486C1D133230006571B3</key>
		<dict>
			<key>fileEncoding</key>
			<string>4</string>
			<key>isa</key>
			<string>PBXFileReference</string>
			<key>lastKnownFileType</key>
			<string>file.xib</string>
			<key>path</key>
			<string>ChapterItem.xib</string>
			<key>sourceTree</key>
			<string>&lt;group&gt;</string>
		</dict>
		<key>7960486D1D133230006571B3</key>
		<dict>
			<key>fileRef</key>
			<string>7960486C1D133230006571B3</string>
			<key>isa</key>
			<string>PBXBuildFile</string>
		</dict>
		<key>796417281D4CEFD400F0061F</key>
		<dict>
			<key>fileRef</key>
			<string>79AB8FF11D4BB198000FB47D</string>
			<key>isa</key>
			<string>PBXBuildFile</string>
		</dict>
		<key>796417291D4CEFD400F0061F</key>
		<dict>
			<key>fileRef</key>
			<string>79AB8FFD1D4BBD6C000FB47D</string>
			<key>isa</key>
			<string>PBXBuildFile</string>
		</dict>
		<key>7964172A1D4CEFD400F0061F</key>
		<dict>
			<key>fileRef</key>
			<string>79AB8FF31D4BB30C000FB47D</string>
			<key>isa</key>
			<string>PBXBuildFile</string>
		</dict>
		<key>7964172B1D4CEFD400F0061F</key>
		<dict>
			<key>fileRef</key>
			<string>79AB8FF51D4BB5B5000FB47D</string>
			<key>isa</key>
			<string>PBXBuildFile</string>
		</dict>
		<key>7964172C1D4CEFD400F0061F</key>
		<dict>
			<key>fileRef</key>
			<string>79AB8FF71D4BB875000FB47D</string>
			<key>isa</key>
			<string>PBXBuildFile</string>
		</dict>
		<key>7964172D1D4CEFD400F0061F</key>
		<dict>
			<key>fileRef</key>
			<string>79AB8FF91D4BB8F4000FB47D</string>
			<key>isa</key>
			<string>PBXBuildFile</string>
		</dict>
		<key>7964172E1D4CF00000F0061F</key>
		<dict>
			<key>fileRef</key>
			<string>79AB8FFB1D4BBD36000FB47D</string>
			<key>isa</key>
			<string>PBXBuildFile</string>
		</dict>
		<key>7973B35C1D3FD5DA00E2B0FC</key>
		<dict>
			<key>fileEncoding</key>
			<string>4</string>
			<key>isa</key>
			<string>PBXFileReference</string>
			<key>lastKnownFileType</key>
			<string>file.xib</string>
			<key>path</key>
			<string>ChapterPageItem.xib</string>
			<key>sourceTree</key>
			<string>&lt;group&gt;</string>
		</dict>
		<key>7973B35D1D3FD5DA00E2B0FC</key>
		<dict>
			<key>fileRef</key>
			<string>7973B35C1D3FD5DA00E2B0FC</string>
			<key>isa</key>
			<string>PBXBuildFile</string>
		</dict>
		<key>7973B35E1D3FD78400E2B0FC</key>
		<dict>
			<key>fileEncoding</key>
			<string>4</string>
			<key>isa</key>
			<string>PBXFileReference</string>
			<key>lastKnownFileType</key>
			<string>sourcecode.swift</string>
			<key>path</key>
			<string>ChapterPageItem.swift</string>
			<key>sourceTree</key>
			<string>&lt;group&gt;</string>
		</dict>
		<key>7973B35F1D3FD78400E2B0FC</key>
		<dict>
			<key>fileRef</key>
			<string>7973B35E1D3FD78400E2B0FC</string>
			<key>isa</key>
			<string>PBXBuildFile</string>
		</dict>
		<key>7973B3601D3FD88400E2B0FC</key>
		<dict>
			<key>fileEncoding</key>
			<string>4</string>
			<key>isa</key>
			<string>PBXFileReference</string>
			<key>lastKnownFileType</key>
			<string>sourcecode.swift</string>
			<key>path</key>
			<string>ChapterPageViewModel.swift</string>
			<key>sourceTree</key>
			<string>&lt;group&gt;</string>
		</dict>
		<key>7973B3611D3FD88400E2B0FC</key>
		<dict>
			<key>fileRef</key>
			<string>7973B3601D3FD88400E2B0FC</string>
			<key>isa</key>
			<string>PBXBuildFile</string>
		</dict>
		<key>7983E90F1D5B9A200001A46C</key>
		<dict>
			<key>isa</key>
			<string>PBXFileReference</string>
			<key>lastKnownFileType</key>
			<string>wrapper.framework</string>
			<key>name</key>
			<string>Realm.framework</string>
			<key>path</key>
			<string>Carthage/Build/Mac/Realm.framework</string>
			<key>sourceTree</key>
			<string>&lt;group&gt;</string>
		</dict>
		<key>7983E9101D5B9A200001A46C</key>
		<dict>
			<key>isa</key>
			<string>PBXFileReference</string>
			<key>lastKnownFileType</key>
			<string>wrapper.framework</string>
			<key>name</key>
			<string>RealmSwift.framework</string>
			<key>path</key>
			<string>Carthage/Build/Mac/RealmSwift.framework</string>
			<key>sourceTree</key>
			<string>&lt;group&gt;</string>
		</dict>
		<key>7983E9111D5B9A200001A46C</key>
		<dict>
			<key>fileRef</key>
			<string>7983E90F1D5B9A200001A46C</string>
			<key>isa</key>
			<string>PBXBuildFile</string>
		</dict>
		<key>7983E9121D5B9A200001A46C</key>
		<dict>
			<key>fileRef</key>
			<string>7983E9101D5B9A200001A46C</string>
			<key>isa</key>
			<string>PBXBuildFile</string>
		</dict>
		<key>7983E9131D5B9E190001A46C</key>
		<dict>
			<key>fileEncoding</key>
			<string>4</string>
			<key>isa</key>
			<string>PBXFileReference</string>
			<key>lastKnownFileType</key>
			<string>sourcecode.swift</string>
			<key>path</key>
			<string>TextInputContainer.swift</string>
			<key>sourceTree</key>
			<string>&lt;group&gt;</string>
		</dict>
		<key>7983E9141D5B9E190001A46C</key>
		<dict>
			<key>fileRef</key>
			<string>7983E9131D5B9E190001A46C</string>
			<key>isa</key>
			<string>PBXBuildFile</string>
		</dict>
		<key>7983E9151D5B9E8B0001A46C</key>
		<dict>
			<key>fileRef</key>
			<string>7983E9131D5B9E190001A46C</string>
			<key>isa</key>
			<string>PBXBuildFile</string>
		</dict>
		<key>798454BD1D05CF3500BB7262</key>
		<dict>
			<key>children</key>
			<array>
				<string>79AF71991D072C8300608518</string>
				<string>798454C71D05CF3600BB7262</string>
				<string>798454C81D05CF3600BB7262</string>
				<string>798454D81D05CF3600BB7262</string>
			</array>
			<key>isa</key>
			<string>PBXGroup</string>
			<key>sourceTree</key>
			<string>&lt;group&gt;</string>
		</dict>
		<key>798454BE1D05CF3500BB7262</key>
		<dict>
			<key>attributes</key>
			<dict>
				<key>LastSwiftUpdateCheck</key>
				<string>0730</string>
				<key>LastUpgradeCheck</key>
				<string>0730</string>
				<key>ORGANIZATIONNAME</key>
				<string>Sendy Halim</string>
				<key>TargetAttributes</key>
				<dict>
					<key>798454C51D05CF3500BB7262</key>
					<dict>
						<key>CreatedOnToolsVersion</key>
						<string>7.3.1</string>
					</dict>
					<key>798454D41D05CF3600BB7262</key>
					<dict>
						<key>CreatedOnToolsVersion</key>
						<string>7.3.1</string>
						<key>TestTargetID</key>
						<string>798454C51D05CF3500BB7262</string>
					</dict>
				</dict>
			</dict>
			<key>buildConfigurationList</key>
			<string>798454C11D05CF3500BB7262</string>
			<key>compatibilityVersion</key>
			<string>Xcode 3.2</string>
			<key>developmentRegion</key>
			<string>English</string>
			<key>hasScannedForEncodings</key>
			<string>0</string>
			<key>isa</key>
			<string>PBXProject</string>
			<key>knownRegions</key>
			<array>
				<string>en</string>
				<string>Base</string>
			</array>
			<key>mainGroup</key>
			<string>798454BD1D05CF3500BB7262</string>
			<key>productRefGroup</key>
			<string>798454C71D05CF3600BB7262</string>
			<key>projectDirPath</key>
			<string></string>
			<key>projectReferences</key>
			<array/>
			<key>projectRoot</key>
			<string></string>
			<key>targets</key>
			<array>
				<string>798454C51D05CF3500BB7262</string>
				<string>798454D41D05CF3600BB7262</string>
				<string>79932A011D4A79A90018370D</string>
			</array>
		</dict>
		<key>798454C11D05CF3500BB7262</key>
		<dict>
			<key>buildConfigurations</key>
			<array>
				<string>798454DC1D05CF3600BB7262</string>
				<string>798454DD1D05CF3600BB7262</string>
			</array>
			<key>defaultConfigurationIsVisible</key>
			<string>0</string>
			<key>defaultConfigurationName</key>
			<string>Release</string>
			<key>isa</key>
			<string>XCConfigurationList</string>
		</dict>
		<key>798454C21D05CF3500BB7262</key>
		<dict>
			<key>buildActionMask</key>
			<string>2147483647</string>
			<key>files</key>
			<array>
				<string>79E35F811D2D6209006765E0</string>
				<string>79AF71B31D072DB100608518</string>
				<string>79E35F831D2D6BB0006765E0</string>
				<string>79AB8FF41D4BB30C000FB47D</string>
				<string>799695961D5786C100DE46BB</string>
				<string>79AB8FFA1D4BB8F4000FB47D</string>
				<string>79346A311D44FC6C00206487</string>
				<string>798866181D11AB4300093761</string>
				<string>799695931D57840400DE46BB</string>
				<string>790ABFC31D54F9AD004BAB8D</string>
				<string>79AB8FF81D4BB875000FB47D</string>
				<string>7973B3611D3FD88400E2B0FC</string>
				<string>7901C6D71D623A3000EE349B</string>
				<string>79318B921D1EF91A006E6CF8</string>
				<string>79C8B75C1D29514A0072F2D3</string>
				<string>79F0948C1D1198F60029FB41</string>
				<string>79E35F851D2D7384006765E0</string>
				<string>798454CA1D05CF3600BB7262</string>
				<string>7973B35F1D3FD78400E2B0FC</string>
				<string>79932A381D4A7A320018370D</string>
				<string>79FF941B1D10776D00A7E450</string>
				<string>7995C6C21D717DE7008F02FD</string>
				<string>7997321D1D3EA21000FC3B01</string>
				<string>79E85D771D0B22C50029FDA6</string>
				<string>79AB8FF61D4BB5B5000FB47D</string>
				<string>79E85D791D0B287D0029FDA6</string>
				<string>790ABFC61D54FDC4004BAB8D</string>
				<string>7988661B1D11ADF900093761</string>
				<string>79AB8FFE1D4BBD6C000FB47D</string>
				<string>79C8B75E1D2962CD0072F2D3</string>
				<string>796048691D130887006571B3</string>
				<string>790ABFC91D550250004BAB8D</string>
				<string>79D75CB41D675EBA00906F01</string>
				<string>792A074A1D5A349C009390D6</string>
				<string>7983E9141D5B9E190001A46C</string>
				<string>796048651D13062E006571B3</string>
				<string>79AB8FF21D4BB198000FB47D</string>
				<string>7942DC6C1D6B6A1C00BD4A6C</string>
				<string>798865EA1D11A1A400093761</string>
				<string>796048621D12FBEB006571B3</string>
				<string>7916A2061D1844DF007CA1BD</string>
				<string>7901C6E21D62498A00EE349B</string>
				<string>79E85D7B1D0B2C110029FDA6</string>
			</array>
			<key>isa</key>
			<string>PBXSourcesBuildPhase</string>
			<key>runOnlyForDeploymentPostprocessing</key>
			<string>0</string>
		</dict>
		<key>798454C31D05CF3500BB7262</key>
		<dict>
			<key>buildActionMask</key>
			<string>2147483647</string>
			<key>files</key>
			<array>
				<string>7901C6DD1D62425E00EE349B</string>
				<string>7901C6DE1D62425E00EE349B</string>
				<string>7901C6DC1D62421D00EE349B</string>
				<string>79FB7EA01D3D378300A1CB12</string>
				<string>79AF71A51D072C9B00608518</string>
				<string>79AF71A61D072C9B00608518</string>
				<string>79AF71A71D072C9B00608518</string>
				<string>79AF71A81D072C9B00608518</string>
				<string>79AF71A91D072C9B00608518</string>
				<string>79AF71AA1D072C9B00608518</string>
				<string>79AF71AB1D072C9B00608518</string>
				<string>79AF71AC1D072C9B00608518</string>
				<string>79AF71AD1D072C9B00608518</string>
				<string>79AF71AF1D072C9B00608518</string>
			</array>
			<key>isa</key>
			<string>PBXFrameworksBuildPhase</string>
			<key>runOnlyForDeploymentPostprocessing</key>
			<string>0</string>
		</dict>
		<key>798454C41D05CF3500BB7262</key>
		<dict>
			<key>buildActionMask</key>
			<string>2147483647</string>
			<key>files</key>
			<array>
				<string>79AB8FFC1D4BBD36000FB47D</string>
				<string>79065F3F1D34147C005DB5AE</string>
				<string>7960486D1D133230006571B3</string>
				<string>798454CC1D05CF3600BB7262</string>
				<string>79C8B7601D29756B0072F2D3</string>
				<string>7997321F1D3EA4D200FC3B01</string>
				<string>79065F3D1D3412EA005DB5AE</string>
				<string>798865E61D119BA500093761</string>
				<string>7928CCF01D64275F001F472D</string>
				<string>7973B35D1D3FD5DA00E2B0FC</string>
			</array>
			<key>isa</key>
			<string>PBXResourcesBuildPhase</string>
			<key>runOnlyForDeploymentPostprocessing</key>
			<string>0</string>
		</dict>
		<key>798454C51D05CF3500BB7262</key>
		<dict>
			<key>buildConfigurationList</key>
			<string>798454DE1D05CF3600BB7262</string>
			<key>buildPhases</key>
			<array>
				<string>798454C21D05CF3500BB7262</string>
				<string>798454C31D05CF3500BB7262</string>
				<string>798454C41D05CF3500BB7262</string>
				<string>79AF71981D072BC900608518</string>
				<string>79AF71B01D072CC200608518</string>
			</array>
			<key>buildRules</key>
			<array/>
			<key>dependencies</key>
			<array/>
			<key>isa</key>
			<string>PBXNativeTarget</string>
			<key>name</key>
			<string>Yomu</string>
			<key>productName</key>
			<string>Yomu</string>
			<key>productReference</key>
			<string>798454C61D05CF3600BB7262</string>
			<key>productType</key>
			<string>com.apple.product-type.application</string>
		</dict>
		<key>798454C61D05CF3600BB7262</key>
		<dict>
			<key>explicitFileType</key>
			<string>wrapper.application</string>
			<key>includeInIndex</key>
			<string>0</string>
			<key>isa</key>
			<string>PBXFileReference</string>
			<key>path</key>
			<string>Yomu.app</string>
			<key>sourceTree</key>
			<string>BUILT_PRODUCTS_DIR</string>
		</dict>
		<key>798454C71D05CF3600BB7262</key>
		<dict>
			<key>children</key>
			<array>
				<string>798454C61D05CF3600BB7262</string>
				<string>798454D51D05CF3600BB7262</string>
				<string>79932A351D4A79A90018370D</string>
			</array>
			<key>isa</key>
			<string>PBXGroup</string>
			<key>name</key>
			<string>Products</string>
			<key>sourceTree</key>
			<string>&lt;group&gt;</string>
		</dict>
		<key>798454C81D05CF3600BB7262</key>
		<dict>
			<key>children</key>
			<array>
				<string>798866161D11AB2100093761</string>
				<string>79F0948A1D1198C80029FB41</string>
				<string>79E85D741D0B22A80029FDA6</string>
				<string>79AF71B11D072D9900608518</string>
				<string>79F7CF6F1D27A2F7005B135B</string>
				<string>796048631D130620006571B3</string>
				<string>798866191D11ADD800093761</string>
				<string>79F094871D118B300029FB41</string>
				<string>798454C91D05CF3600BB7262</string>
				<string>798454CB1D05CF3600BB7262</string>
				<string>7928CCEF1D64275F001F472D</string>
				<string>79E9A8051D4A7880007D1190</string>
				<string>798454D01D05CF3600BB7262</string>
			</array>
			<key>isa</key>
			<string>PBXGroup</string>
			<key>path</key>
			<string>Yomu</string>
			<key>sourceTree</key>
			<string>&lt;group&gt;</string>
		</dict>
		<key>798454C91D05CF3600BB7262</key>
		<dict>
			<key>isa</key>
			<string>PBXFileReference</string>
			<key>lastKnownFileType</key>
			<string>sourcecode.swift</string>
			<key>path</key>
			<string>AppDelegate.swift</string>
			<key>sourceTree</key>
			<string>&lt;group&gt;</string>
		</dict>
		<key>798454CA1D05CF3600BB7262</key>
		<dict>
			<key>fileRef</key>
			<string>798454C91D05CF3600BB7262</string>
			<key>isa</key>
			<string>PBXBuildFile</string>
		</dict>
		<key>798454CB1D05CF3600BB7262</key>
		<dict>
			<key>isa</key>
			<string>PBXFileReference</string>
			<key>lastKnownFileType</key>
			<string>folder.assetcatalog</string>
			<key>path</key>
			<string>Assets.xcassets</string>
			<key>sourceTree</key>
			<string>&lt;group&gt;</string>
		</dict>
		<key>798454CC1D05CF3600BB7262</key>
		<dict>
			<key>fileRef</key>
			<string>798454CB1D05CF3600BB7262</string>
			<key>isa</key>
			<string>PBXBuildFile</string>
		</dict>
		<key>798454D01D05CF3600BB7262</key>
		<dict>
			<key>isa</key>
			<string>PBXFileReference</string>
			<key>lastKnownFileType</key>
			<string>text.plist.xml</string>
			<key>path</key>
			<string>Info.plist</string>
			<key>sourceTree</key>
			<string>&lt;group&gt;</string>
		</dict>
		<key>798454D11D05CF3600BB7262</key>
		<dict>
			<key>buildActionMask</key>
			<string>2147483647</string>
			<key>files</key>
			<array>
				<string>79E85D851D0B380D0029FDA6</string>
				<string>794CF82D1D0D9B51008761DF</string>
				<string>794CF82B1D0D9A5B008761DF</string>
				<string>7916A2081D184701007CA1BD</string>
				<string>7942DC6E1D6B6C8100BD4A6C</string>
			</array>
			<key>isa</key>
			<string>PBXSourcesBuildPhase</string>
			<key>runOnlyForDeploymentPostprocessing</key>
			<string>0</string>
		</dict>
		<key>798454D21D05CF3600BB7262</key>
		<dict>
			<key>buildActionMask</key>
			<string>2147483647</string>
			<key>files</key>
			<array>
				<string>79E85D7E1D0B378C0029FDA6</string>
				<string>79E85D7F1D0B378C0029FDA6</string>
			</array>
			<key>isa</key>
			<string>PBXFrameworksBuildPhase</string>
			<key>runOnlyForDeploymentPostprocessing</key>
			<string>0</string>
		</dict>
		<key>798454D31D05CF3600BB7262</key>
		<dict>
			<key>buildActionMask</key>
			<string>2147483647</string>
			<key>files</key>
			<array>
				<string>79A10E651D0D9FFD00B9C4B7</string>
			</array>
			<key>isa</key>
			<string>PBXResourcesBuildPhase</string>
			<key>runOnlyForDeploymentPostprocessing</key>
			<string>0</string>
		</dict>
		<key>798454D41D05CF3600BB7262</key>
		<dict>
			<key>buildConfigurationList</key>
			<string>798454E11D05CF3600BB7262</string>
			<key>buildPhases</key>
			<array>
				<string>798454D11D05CF3600BB7262</string>
				<string>798454D21D05CF3600BB7262</string>
				<string>798454D31D05CF3600BB7262</string>
				<string>79E85D801D0B37B70029FDA6</string>
			</array>
			<key>buildRules</key>
			<array/>
			<key>dependencies</key>
			<array>
				<string>798454D71D05CF3600BB7262</string>
			</array>
			<key>isa</key>
			<string>PBXNativeTarget</string>
			<key>name</key>
			<string>YomuTests</string>
			<key>productName</key>
			<string>YomuTests</string>
			<key>productReference</key>
			<string>798454D51D05CF3600BB7262</string>
			<key>productType</key>
			<string>com.apple.product-type.bundle.unit-test</string>
		</dict>
		<key>798454D51D05CF3600BB7262</key>
		<dict>
			<key>explicitFileType</key>
			<string>wrapper.cfbundle</string>
			<key>includeInIndex</key>
			<string>0</string>
			<key>isa</key>
			<string>PBXFileReference</string>
			<key>path</key>
			<string>YomuTests.xctest</string>
			<key>sourceTree</key>
			<string>BUILT_PRODUCTS_DIR</string>
		</dict>
		<key>798454D61D05CF3600BB7262</key>
		<dict>
			<key>containerPortal</key>
			<string>798454BE1D05CF3500BB7262</string>
			<key>isa</key>
			<string>PBXContainerItemProxy</string>
			<key>proxyType</key>
			<string>1</string>
			<key>remoteGlobalIDString</key>
			<string>798454C51D05CF3500BB7262</string>
			<key>remoteInfo</key>
			<string>Yomu</string>
		</dict>
		<key>798454D71D05CF3600BB7262</key>
		<dict>
			<key>isa</key>
			<string>PBXTargetDependency</string>
			<key>target</key>
			<string>798454C51D05CF3500BB7262</string>
			<key>targetProxy</key>
			<string>798454D61D05CF3600BB7262</string>
		</dict>
		<key>798454D81D05CF3600BB7262</key>
		<dict>
			<key>children</key>
			<array>
				<string>79E85D831D0B37EF0029FDA6</string>
				<string>794CF8291D0D9A46008761DF</string>
				<string>79A10E631D0D9FEF00B9C4B7</string>
				<string>798454DB1D05CF3600BB7262</string>
			</array>
			<key>isa</key>
			<string>PBXGroup</string>
			<key>path</key>
			<string>YomuTests</string>
			<key>sourceTree</key>
			<string>&lt;group&gt;</string>
		</dict>
		<key>798454DB1D05CF3600BB7262</key>
		<dict>
			<key>isa</key>
			<string>PBXFileReference</string>
			<key>lastKnownFileType</key>
			<string>text.plist.xml</string>
			<key>path</key>
			<string>Info.plist</string>
			<key>sourceTree</key>
			<string>&lt;group&gt;</string>
		</dict>
		<key>798454DC1D05CF3600BB7262</key>
		<dict>
			<key>buildSettings</key>
			<dict>
				<key>ALWAYS_SEARCH_USER_PATHS</key>
				<string>NO</string>
				<key>CLANG_ANALYZER_NONNULL</key>
				<string>YES</string>
				<key>CLANG_CXX_LANGUAGE_STANDARD</key>
				<string>gnu++0x</string>
				<key>CLANG_CXX_LIBRARY</key>
				<string>libc++</string>
				<key>CLANG_ENABLE_MODULES</key>
				<string>YES</string>
				<key>CLANG_ENABLE_OBJC_ARC</key>
				<string>YES</string>
				<key>CLANG_WARN_BOOL_CONVERSION</key>
				<string>YES</string>
				<key>CLANG_WARN_CONSTANT_CONVERSION</key>
				<string>YES</string>
				<key>CLANG_WARN_DIRECT_OBJC_ISA_USAGE</key>
				<string>YES_ERROR</string>
				<key>CLANG_WARN_EMPTY_BODY</key>
				<string>YES</string>
				<key>CLANG_WARN_ENUM_CONVERSION</key>
				<string>YES</string>
				<key>CLANG_WARN_INT_CONVERSION</key>
				<string>YES</string>
				<key>CLANG_WARN_OBJC_ROOT_CLASS</key>
				<string>YES_ERROR</string>
				<key>CLANG_WARN_UNREACHABLE_CODE</key>
				<string>YES</string>
				<key>CLANG_WARN__DUPLICATE_METHOD_MATCH</key>
				<string>YES</string>
				<key>CODE_SIGN_IDENTITY</key>
				<string>-</string>
				<key>COPY_PHASE_STRIP</key>
				<string>NO</string>
				<key>DEBUG_INFORMATION_FORMAT</key>
				<string>dwarf</string>
				<key>ENABLE_STRICT_OBJC_MSGSEND</key>
				<string>YES</string>
				<key>ENABLE_TESTABILITY</key>
				<string>YES</string>
				<key>GCC_C_LANGUAGE_STANDARD</key>
				<string>gnu99</string>
				<key>GCC_DYNAMIC_NO_PIC</key>
				<string>NO</string>
				<key>GCC_NO_COMMON_BLOCKS</key>
				<string>YES</string>
				<key>GCC_OPTIMIZATION_LEVEL</key>
				<string>0</string>
				<key>GCC_PREPROCESSOR_DEFINITIONS</key>
				<array>
					<string>DEBUG=1</string>
					<string>$(inherited)</string>
				</array>
				<key>GCC_WARN_64_TO_32_BIT_CONVERSION</key>
				<string>YES</string>
				<key>GCC_WARN_ABOUT_RETURN_TYPE</key>
				<string>YES_ERROR</string>
				<key>GCC_WARN_UNDECLARED_SELECTOR</key>
				<string>YES</string>
				<key>GCC_WARN_UNINITIALIZED_AUTOS</key>
				<string>YES_AGGRESSIVE</string>
				<key>GCC_WARN_UNUSED_FUNCTION</key>
				<string>YES</string>
				<key>GCC_WARN_UNUSED_VARIABLE</key>
				<string>YES</string>
				<key>INSTALL_PATH</key>
				<string>/Applications</string>
				<key>MACOSX_DEPLOYMENT_TARGET</key>
				<string>10.11</string>
				<key>MTL_ENABLE_DEBUG_INFO</key>
				<string>YES</string>
				<key>ONLY_ACTIVE_ARCH</key>
				<string>YES</string>
				<key>SDKROOT</key>
				<string>macosx</string>
				<key>SWIFT_OPTIMIZATION_LEVEL</key>
				<string>-Onone</string>
			</dict>
			<key>isa</key>
			<string>XCBuildConfiguration</string>
			<key>name</key>
			<string>Debug</string>
		</dict>
		<key>798454DD1D05CF3600BB7262</key>
		<dict>
			<key>buildSettings</key>
			<dict>
				<key>ALWAYS_SEARCH_USER_PATHS</key>
				<string>NO</string>
				<key>CLANG_ANALYZER_NONNULL</key>
				<string>YES</string>
				<key>CLANG_CXX_LANGUAGE_STANDARD</key>
				<string>gnu++0x</string>
				<key>CLANG_CXX_LIBRARY</key>
				<string>libc++</string>
				<key>CLANG_ENABLE_MODULES</key>
				<string>YES</string>
				<key>CLANG_ENABLE_OBJC_ARC</key>
				<string>YES</string>
				<key>CLANG_WARN_BOOL_CONVERSION</key>
				<string>YES</string>
				<key>CLANG_WARN_CONSTANT_CONVERSION</key>
				<string>YES</string>
				<key>CLANG_WARN_DIRECT_OBJC_ISA_USAGE</key>
				<string>YES_ERROR</string>
				<key>CLANG_WARN_EMPTY_BODY</key>
				<string>YES</string>
				<key>CLANG_WARN_ENUM_CONVERSION</key>
				<string>YES</string>
				<key>CLANG_WARN_INT_CONVERSION</key>
				<string>YES</string>
				<key>CLANG_WARN_OBJC_ROOT_CLASS</key>
				<string>YES_ERROR</string>
				<key>CLANG_WARN_UNREACHABLE_CODE</key>
				<string>YES</string>
				<key>CLANG_WARN__DUPLICATE_METHOD_MATCH</key>
				<string>YES</string>
				<key>CODE_SIGN_IDENTITY</key>
				<string>-</string>
				<key>COPY_PHASE_STRIP</key>
				<string>YES</string>
				<key>DEBUG_INFORMATION_FORMAT</key>
				<string>dwarf-with-dsym</string>
				<key>ENABLE_NS_ASSERTIONS</key>
				<string>NO</string>
				<key>ENABLE_STRICT_OBJC_MSGSEND</key>
				<string>YES</string>
				<key>GCC_C_LANGUAGE_STANDARD</key>
				<string>gnu99</string>
				<key>GCC_NO_COMMON_BLOCKS</key>
				<string>YES</string>
				<key>GCC_WARN_64_TO_32_BIT_CONVERSION</key>
				<string>YES</string>
				<key>GCC_WARN_ABOUT_RETURN_TYPE</key>
				<string>YES_ERROR</string>
				<key>GCC_WARN_UNDECLARED_SELECTOR</key>
				<string>YES</string>
				<key>GCC_WARN_UNINITIALIZED_AUTOS</key>
				<string>YES_AGGRESSIVE</string>
				<key>GCC_WARN_UNUSED_FUNCTION</key>
				<string>YES</string>
				<key>GCC_WARN_UNUSED_VARIABLE</key>
				<string>YES</string>
				<key>INSTALL_PATH</key>
				<string>/Applications</string>
				<key>MACOSX_DEPLOYMENT_TARGET</key>
				<string>10.11</string>
				<key>MTL_ENABLE_DEBUG_INFO</key>
				<string>NO</string>
				<key>SDKROOT</key>
				<string>macosx</string>
			</dict>
			<key>isa</key>
			<string>XCBuildConfiguration</string>
			<key>name</key>
			<string>Release</string>
		</dict>
		<key>798454DE1D05CF3600BB7262</key>
		<dict>
			<key>buildConfigurations</key>
			<array>
				<string>798454DF1D05CF3600BB7262</string>
				<string>798454E01D05CF3600BB7262</string>
			</array>
			<key>defaultConfigurationIsVisible</key>
			<string>0</string>
			<key>defaultConfigurationName</key>
			<string>Release</string>
			<key>isa</key>
			<string>XCConfigurationList</string>
		</dict>
		<key>798454DF1D05CF3600BB7262</key>
		<dict>
			<key>buildSettings</key>
			<dict>
				<key>ASSETCATALOG_COMPILER_APPICON_NAME</key>
				<string>AppIcon</string>
				<key>COMBINE_HIDPI_IMAGES</key>
				<string>YES</string>
				<key>FRAMEWORK_SEARCH_PATHS</key>
				<array>
					<string>$(inherited)</string>
					<string>$(PROJECT_DIR)/Carthage/Build/Mac</string>
				</array>
				<key>INFOPLIST_FILE</key>
				<string>Yomu/Info.plist</string>
				<key>LD_RUNPATH_SEARCH_PATHS</key>
				<string>$(inherited) @executable_path/../Frameworks</string>
				<key>PRODUCT_BUNDLE_IDENTIFIER</key>
				<string>com.sendyhalim.Yomu</string>
				<key>PRODUCT_NAME</key>
				<string>$(TARGET_NAME)</string>
			</dict>
			<key>isa</key>
			<string>XCBuildConfiguration</string>
			<key>name</key>
			<string>Debug</string>
		</dict>
		<key>798454E01D05CF3600BB7262</key>
		<dict>
			<key>buildSettings</key>
			<dict>
				<key>ASSETCATALOG_COMPILER_APPICON_NAME</key>
				<string>AppIcon</string>
				<key>COMBINE_HIDPI_IMAGES</key>
				<string>YES</string>
				<key>FRAMEWORK_SEARCH_PATHS</key>
				<array>
					<string>$(inherited)</string>
					<string>$(PROJECT_DIR)/Carthage/Build/Mac</string>
				</array>
				<key>INFOPLIST_FILE</key>
				<string>Yomu/Info.plist</string>
				<key>LD_RUNPATH_SEARCH_PATHS</key>
				<string>$(inherited) @executable_path/../Frameworks</string>
				<key>PRODUCT_BUNDLE_IDENTIFIER</key>
				<string>com.sendyhalim.Yomu</string>
				<key>PRODUCT_NAME</key>
				<string>$(TARGET_NAME)</string>
			</dict>
			<key>isa</key>
			<string>XCBuildConfiguration</string>
			<key>name</key>
			<string>Release</string>
		</dict>
		<key>798454E11D05CF3600BB7262</key>
		<dict>
			<key>buildConfigurations</key>
			<array>
				<string>798454E21D05CF3600BB7262</string>
				<string>798454E31D05CF3600BB7262</string>
			</array>
			<key>defaultConfigurationIsVisible</key>
			<string>0</string>
			<key>defaultConfigurationName</key>
			<string>Release</string>
			<key>isa</key>
			<string>XCConfigurationList</string>
		</dict>
		<key>798454E21D05CF3600BB7262</key>
		<dict>
			<key>buildSettings</key>
			<dict>
				<key>BUNDLE_LOADER</key>
				<string>$(TEST_HOST)</string>
				<key>CLANG_ENABLE_MODULES</key>
				<string>YES</string>
				<key>COMBINE_HIDPI_IMAGES</key>
				<string>YES</string>
				<key>FRAMEWORK_SEARCH_PATHS</key>
				<array>
					<string>$(inherited)</string>
					<string>$(PROJECT_DIR)/Carthage/Build/Mac</string>
				</array>
				<key>INFOPLIST_FILE</key>
				<string>YomuTests/Info.plist</string>
				<key>LD_RUNPATH_SEARCH_PATHS</key>
				<string>$(inherited) @executable_path/../Frameworks @loader_path/../Frameworks</string>
				<key>PRODUCT_BUNDLE_IDENTIFIER</key>
				<string>com.sendyhalim.YomuTests</string>
				<key>PRODUCT_NAME</key>
				<string>$(TARGET_NAME)</string>
				<key>SWIFT_OPTIMIZATION_LEVEL</key>
				<string>-Onone</string>
				<key>TEST_HOST</key>
				<string>$(BUILT_PRODUCTS_DIR)/Yomu.app/Contents/MacOS/Yomu</string>
			</dict>
			<key>isa</key>
			<string>XCBuildConfiguration</string>
			<key>name</key>
			<string>Debug</string>
		</dict>
		<key>798454E31D05CF3600BB7262</key>
		<dict>
			<key>buildSettings</key>
			<dict>
				<key>BUNDLE_LOADER</key>
				<string>$(TEST_HOST)</string>
				<key>CLANG_ENABLE_MODULES</key>
				<string>YES</string>
				<key>COMBINE_HIDPI_IMAGES</key>
				<string>YES</string>
				<key>FRAMEWORK_SEARCH_PATHS</key>
				<array>
					<string>$(inherited)</string>
					<string>$(PROJECT_DIR)/Carthage/Build/Mac</string>
				</array>
				<key>INFOPLIST_FILE</key>
				<string>YomuTests/Info.plist</string>
				<key>LD_RUNPATH_SEARCH_PATHS</key>
				<string>$(inherited) @executable_path/../Frameworks @loader_path/../Frameworks</string>
				<key>PRODUCT_BUNDLE_IDENTIFIER</key>
				<string>com.sendyhalim.YomuTests</string>
				<key>PRODUCT_NAME</key>
				<string>$(TARGET_NAME)</string>
				<key>TEST_HOST</key>
				<string>$(BUILT_PRODUCTS_DIR)/Yomu.app/Contents/MacOS/Yomu</string>
			</dict>
			<key>isa</key>
			<string>XCBuildConfiguration</string>
			<key>name</key>
			<string>Release</string>
		</dict>
		<key>798865E51D119BA500093761</key>
		<dict>
			<key>fileEncoding</key>
			<string>4</string>
			<key>isa</key>
			<string>PBXFileReference</string>
			<key>lastKnownFileType</key>
			<string>file.xib</string>
			<key>path</key>
			<string>MangaItem.xib</string>
			<key>sourceTree</key>
			<string>&lt;group&gt;</string>
		</dict>
		<key>798865E61D119BA500093761</key>
		<dict>
			<key>fileRef</key>
			<string>798865E51D119BA500093761</string>
			<key>isa</key>
			<string>PBXBuildFile</string>
		</dict>
		<key>798865E71D11A16F00093761</key>
		<dict>
			<key>children</key>
			<array>
				<string>79065F3E1D34147C005DB5AE</string>
				<string>7960486C1D133230006571B3</string>
				<string>7997321E1D3EA4D200FC3B01</string>
				<string>7973B35C1D3FD5DA00E2B0FC</string>
				<string>79065F3C1D3412EA005DB5AE</string>
				<string>798865E51D119BA500093761</string>
				<string>79AB8FFB1D4BBD36000FB47D</string>
			</array>
			<key>isa</key>
			<string>PBXGroup</string>
			<key>path</key>
			<string>xibs</string>
			<key>sourceTree</key>
			<string>&lt;group&gt;</string>
		</dict>
		<key>798865E81D11A18400093761</key>
		<dict>
			<key>children</key>
			<array>
				<string>790ABFC21D54F9AD004BAB8D</string>
				<string>796048681D130887006571B3</string>
				<string>7973B35E1D3FD78400E2B0FC</string>
				<string>798865E91D11A1A400093761</string>
				<string>792A07491D5A349C009390D6</string>
				<string>7983E9131D5B9E190001A46C</string>
			</array>
			<key>isa</key>
			<string>PBXGroup</string>
			<key>path</key>
			<string>Implementations</string>
			<key>sourceTree</key>
			<string>&lt;group&gt;</string>
		</dict>
		<key>798865E91D11A1A400093761</key>
		<dict>
			<key>fileEncoding</key>
			<string>4</string>
			<key>isa</key>
			<string>PBXFileReference</string>
			<key>lastKnownFileType</key>
			<string>sourcecode.swift</string>
			<key>path</key>
			<string>MangaItem.swift</string>
			<key>sourceTree</key>
			<string>&lt;group&gt;</string>
		</dict>
		<key>798865EA1D11A1A400093761</key>
		<dict>
			<key>fileRef</key>
			<string>798865E91D11A1A400093761</string>
			<key>isa</key>
			<string>PBXBuildFile</string>
		</dict>
		<key>798866161D11AB2100093761</key>
		<dict>
			<key>children</key>
			<array>
				<string>798866171D11AB4300093761</string>
				<string>79AB8FF11D4BB198000FB47D</string>
			</array>
			<key>isa</key>
			<string>PBXGroup</string>
			<key>path</key>
			<string>API</string>
			<key>sourceTree</key>
			<string>&lt;group&gt;</string>
		</dict>
		<key>798866171D11AB4300093761</key>
		<dict>
			<key>fileEncoding</key>
			<string>4</string>
			<key>isa</key>
			<string>PBXFileReference</string>
			<key>lastKnownFileType</key>
			<string>sourcecode.swift</string>
			<key>path</key>
			<string>MangaEdenAPI.swift</string>
			<key>sourceTree</key>
			<string>&lt;group&gt;</string>
		</dict>
		<key>798866181D11AB4300093761</key>
		<dict>
			<key>fileRef</key>
			<string>798866171D11AB4300093761</string>
			<key>isa</key>
			<string>PBXBuildFile</string>
		</dict>
		<key>798866191D11ADD800093761</key>
		<dict>
			<key>children</key>
			<array>
				<string>7988661A1D11ADF900093761</string>
				<string>79318B911D1EF91A006E6CF8</string>
				<string>7973B3601D3FD88400E2B0FC</string>
				<string>79E35F801D2D6209006765E0</string>
				<string>79C8B75B1D29514A0072F2D3</string>
				<string>79E35F821D2D6BB0006765E0</string>
				<string>79AB8FF71D4BB875000FB47D</string>
				<string>79AB8FF91D4BB8F4000FB47D</string>
			</array>
			<key>isa</key>
			<string>PBXGroup</string>
			<key>path</key>
			<string>ViewModels</string>
			<key>sourceTree</key>
			<string>&lt;group&gt;</string>
		</dict>
		<key>7988661A1D11ADF900093761</key>
		<dict>
			<key>fileEncoding</key>
			<string>4</string>
			<key>isa</key>
			<string>PBXFileReference</string>
			<key>lastKnownFileType</key>
			<string>sourcecode.swift</string>
			<key>path</key>
			<string>ChapterCollectionViewModel.swift</string>
			<key>sourceTree</key>
			<string>&lt;group&gt;</string>
		</dict>
		<key>7988661B1D11ADF900093761</key>
		<dict>
			<key>fileRef</key>
			<string>7988661A1D11ADF900093761</string>
			<key>isa</key>
			<string>PBXBuildFile</string>
		</dict>
		<key>79932A011D4A79A90018370D</key>
		<dict>
			<key>buildConfigurationList</key>
			<string>79932A321D4A79A90018370D</string>
			<key>buildPhases</key>
			<array>
				<string>79932A021D4A79A90018370D</string>
				<string>79932A1B1D4A79A90018370D</string>
				<string>79932A271D4A79A90018370D</string>
				<string>79932A301D4A79A90018370D</string>
				<string>79932A311D4A79A90018370D</string>
			</array>
			<key>buildRules</key>
			<array/>
			<key>dependencies</key>
			<array/>
			<key>isa</key>
			<string>PBXNativeTarget</string>
			<key>name</key>
			<string>Yomu Development</string>
			<key>productName</key>
			<string>Yomu</string>
			<key>productReference</key>
			<string>79932A351D4A79A90018370D</string>
			<key>productType</key>
			<string>com.apple.product-type.application</string>
		</dict>
		<key>79932A021D4A79A90018370D</key>
		<dict>
			<key>buildActionMask</key>
			<string>2147483647</string>
			<key>files</key>
			<array>
				<string>7942DC6F1D6B74B600BD4A6C</string>
				<string>79D75CB51D67615800906F01</string>
				<string>7901C6E31D6249D700EE349B</string>
				<string>7901C6D81D623C4900EE349B</string>
				<string>7983E9151D5B9E8B0001A46C</string>
				<string>792A074B1D5A34D2009390D6</string>
				<string>799695971D5786DB00DE46BB</string>
				<string>799695941D57841F00DE46BB</string>
				<string>790ABFCA1D550380004BAB8D</string>
				<string>790ABFC71D54FE1A004BAB8D</string>
				<string>790ABFC41D54FB15004BAB8D</string>
				<string>796417281D4CEFD400F0061F</string>
				<string>796417291D4CEFD400F0061F</string>
				<string>7964172A1D4CEFD400F0061F</string>
				<string>7964172B1D4CEFD400F0061F</string>
				<string>7964172C1D4CEFD400F0061F</string>
				<string>7964172D1D4CEFD400F0061F</string>
				<string>79932A391D4A7AF40018370D</string>
				<string>79932A031D4A79A90018370D</string>
				<string>79932A041D4A79A90018370D</string>
				<string>79932A051D4A79A90018370D</string>
				<string>79932A061D4A79A90018370D</string>
				<string>79932A071D4A79A90018370D</string>
				<string>79932A081D4A79A90018370D</string>
				<string>79932A091D4A79A90018370D</string>
				<string>79932A0A1D4A79A90018370D</string>
				<string>79932A0B1D4A79A90018370D</string>
				<string>79932A0C1D4A79A90018370D</string>
				<string>79932A0D1D4A79A90018370D</string>
				<string>79932A0E1D4A79A90018370D</string>
				<string>79932A0F1D4A79A90018370D</string>
				<string>79932A101D4A79A90018370D</string>
				<string>79932A111D4A79A90018370D</string>
				<string>79932A121D4A79A90018370D</string>
				<string>79932A131D4A79A90018370D</string>
				<string>79932A141D4A79A90018370D</string>
				<string>79932A151D4A79A90018370D</string>
				<string>79932A161D4A79A90018370D</string>
				<string>79932A171D4A79A90018370D</string>
				<string>79932A181D4A79A90018370D</string>
				<string>79932A191D4A79A90018370D</string>
				<string>79932A1A1D4A79A90018370D</string>
			</array>
			<key>isa</key>
			<string>PBXSourcesBuildPhase</string>
			<key>runOnlyForDeploymentPostprocessing</key>
			<string>0</string>
		</dict>
		<key>79932A031D4A79A90018370D</key>
		<dict>
			<key>fileRef</key>
			<string>79E35F801D2D6209006765E0</string>
			<key>isa</key>
			<string>PBXBuildFile</string>
		</dict>
		<key>79932A041D4A79A90018370D</key>
		<dict>
			<key>fileRef</key>
			<string>79AF71B21D072DB100608518</string>
			<key>isa</key>
			<string>PBXBuildFile</string>
		</dict>
		<key>79932A051D4A79A90018370D</key>
		<dict>
			<key>fileRef</key>
			<string>79E35F821D2D6BB0006765E0</string>
			<key>isa</key>
			<string>PBXBuildFile</string>
		</dict>
		<key>79932A061D4A79A90018370D</key>
		<dict>
			<key>fileRef</key>
			<string>79346A301D44FC6C00206487</string>
			<key>isa</key>
			<string>PBXBuildFile</string>
		</dict>
		<key>79932A071D4A79A90018370D</key>
		<dict>
			<key>fileRef</key>
			<string>798866171D11AB4300093761</string>
			<key>isa</key>
			<string>PBXBuildFile</string>
		</dict>
		<key>79932A081D4A79A90018370D</key>
		<dict>
			<key>fileRef</key>
			<string>7973B3601D3FD88400E2B0FC</string>
			<key>isa</key>
			<string>PBXBuildFile</string>
		</dict>
		<key>79932A091D4A79A90018370D</key>
		<dict>
			<key>fileRef</key>
			<string>79318B911D1EF91A006E6CF8</string>
			<key>isa</key>
			<string>PBXBuildFile</string>
		</dict>
		<key>79932A0A1D4A79A90018370D</key>
		<dict>
			<key>fileRef</key>
			<string>79C8B75B1D29514A0072F2D3</string>
			<key>isa</key>
			<string>PBXBuildFile</string>
		</dict>
		<key>79932A0B1D4A79A90018370D</key>
		<dict>
			<key>fileRef</key>
			<string>79F0948B1D1198F60029FB41</string>
			<key>isa</key>
			<string>PBXBuildFile</string>
		</dict>
		<key>79932A0C1D4A79A90018370D</key>
		<dict>
			<key>fileRef</key>
			<string>79E35F841D2D7384006765E0</string>
			<key>isa</key>
			<string>PBXBuildFile</string>
		</dict>
		<key>79932A0D1D4A79A90018370D</key>
		<dict>
			<key>fileRef</key>
			<string>798454C91D05CF3600BB7262</string>
			<key>isa</key>
			<string>PBXBuildFile</string>
		</dict>
		<key>79932A0E1D4A79A90018370D</key>
		<dict>
			<key>fileRef</key>
			<string>7973B35E1D3FD78400E2B0FC</string>
			<key>isa</key>
			<string>PBXBuildFile</string>
		</dict>
		<key>79932A0F1D4A79A90018370D</key>
		<dict>
			<key>fileRef</key>
			<string>79FF941A1D10776D00A7E450</string>
			<key>isa</key>
			<string>PBXBuildFile</string>
		</dict>
		<key>79932A101D4A79A90018370D</key>
		<dict>
			<key>fileRef</key>
			<string>7997321C1D3EA21000FC3B01</string>
			<key>isa</key>
			<string>PBXBuildFile</string>
		</dict>
		<key>79932A111D4A79A90018370D</key>
		<dict>
			<key>fileRef</key>
			<string>79E85D761D0B22C50029FDA6</string>
			<key>isa</key>
			<string>PBXBuildFile</string>
		</dict>
		<key>79932A121D4A79A90018370D</key>
		<dict>
			<key>fileRef</key>
			<string>79E85D781D0B287D0029FDA6</string>
			<key>isa</key>
			<string>PBXBuildFile</string>
		</dict>
		<key>79932A131D4A79A90018370D</key>
		<dict>
			<key>fileRef</key>
			<string>7988661A1D11ADF900093761</string>
			<key>isa</key>
			<string>PBXBuildFile</string>
		</dict>
		<key>79932A141D4A79A90018370D</key>
		<dict>
			<key>fileRef</key>
			<string>79C8B75D1D2962CD0072F2D3</string>
			<key>isa</key>
			<string>PBXBuildFile</string>
		</dict>
		<key>79932A151D4A79A90018370D</key>
		<dict>
			<key>fileRef</key>
			<string>796048681D130887006571B3</string>
			<key>isa</key>
			<string>PBXBuildFile</string>
		</dict>
		<key>79932A161D4A79A90018370D</key>
		<dict>
			<key>fileRef</key>
			<string>796048641D13062E006571B3</string>
			<key>isa</key>
			<string>PBXBuildFile</string>
		</dict>
		<key>79932A171D4A79A90018370D</key>
		<dict>
			<key>fileRef</key>
			<string>798865E91D11A1A400093761</string>
			<key>isa</key>
			<string>PBXBuildFile</string>
		</dict>
		<key>79932A181D4A79A90018370D</key>
		<dict>
			<key>fileRef</key>
			<string>796048611D12FBEB006571B3</string>
			<key>isa</key>
			<string>PBXBuildFile</string>
		</dict>
		<key>79932A191D4A79A90018370D</key>
		<dict>
			<key>fileRef</key>
			<string>7916A2051D1844DF007CA1BD</string>
			<key>isa</key>
			<string>PBXBuildFile</string>
		</dict>
		<key>79932A1A1D4A79A90018370D</key>
		<dict>
			<key>fileRef</key>
			<string>79E85D7A1D0B2C110029FDA6</string>
			<key>isa</key>
			<string>PBXBuildFile</string>
		</dict>
		<key>79932A1B1D4A79A90018370D</key>
		<dict>
			<key>buildActionMask</key>
			<string>2147483647</string>
			<key>files</key>
			<array>
				<string>7983E9111D5B9A200001A46C</string>
				<string>7983E9121D5B9A200001A46C</string>
				<string>7901C6DF1D62427A00EE349B</string>
				<string>79932A1C1D4A79A90018370D</string>
				<string>79932A1D1D4A79A90018370D</string>
				<string>79932A1E1D4A79A90018370D</string>
				<string>79932A1F1D4A79A90018370D</string>
				<string>79932A201D4A79A90018370D</string>
				<string>79932A211D4A79A90018370D</string>
				<string>79932A221D4A79A90018370D</string>
				<string>79932A231D4A79A90018370D</string>
				<string>79932A241D4A79A90018370D</string>
				<string>79932A251D4A79A90018370D</string>
				<string>79932A261D4A79A90018370D</string>
			</array>
			<key>isa</key>
			<string>PBXFrameworksBuildPhase</string>
			<key>runOnlyForDeploymentPostprocessing</key>
			<string>0</string>
		</dict>
		<key>79932A1C1D4A79A90018370D</key>
		<dict>
			<key>fileRef</key>
			<string>79FB7E9F1D3D378300A1CB12</string>
			<key>isa</key>
			<string>PBXBuildFile</string>
		</dict>
		<key>79932A1D1D4A79A90018370D</key>
		<dict>
			<key>fileRef</key>
			<string>79AF719A1D072C9B00608518</string>
			<key>isa</key>
			<string>PBXBuildFile</string>
		</dict>
		<key>79932A1E1D4A79A90018370D</key>
		<dict>
			<key>fileRef</key>
			<string>79AF719B1D072C9B00608518</string>
			<key>isa</key>
			<string>PBXBuildFile</string>
		</dict>
		<key>79932A1F1D4A79A90018370D</key>
		<dict>
			<key>fileRef</key>
			<string>79AF719C1D072C9B00608518</string>
			<key>isa</key>
			<string>PBXBuildFile</string>
		</dict>
		<key>79932A201D4A79A90018370D</key>
		<dict>
			<key>fileRef</key>
			<string>79AF719D1D072C9B00608518</string>
			<key>isa</key>
			<string>PBXBuildFile</string>
		</dict>
		<key>79932A211D4A79A90018370D</key>
		<dict>
			<key>fileRef</key>
			<string>79AF719E1D072C9B00608518</string>
			<key>isa</key>
			<string>PBXBuildFile</string>
		</dict>
		<key>79932A221D4A79A90018370D</key>
		<dict>
			<key>fileRef</key>
			<string>79AF719F1D072C9B00608518</string>
			<key>isa</key>
			<string>PBXBuildFile</string>
		</dict>
		<key>79932A231D4A79A90018370D</key>
		<dict>
			<key>fileRef</key>
			<string>79AF71A01D072C9B00608518</string>
			<key>isa</key>
			<string>PBXBuildFile</string>
		</dict>
		<key>79932A241D4A79A90018370D</key>
		<dict>
			<key>fileRef</key>
			<string>79AF71A11D072C9B00608518</string>
			<key>isa</key>
			<string>PBXBuildFile</string>
		</dict>
		<key>79932A251D4A79A90018370D</key>
		<dict>
			<key>fileRef</key>
			<string>79AF71A21D072C9B00608518</string>
			<key>isa</key>
			<string>PBXBuildFile</string>
		</dict>
		<key>79932A261D4A79A90018370D</key>
		<dict>
			<key>fileRef</key>
			<string>79AF71A41D072C9B00608518</string>
			<key>isa</key>
			<string>PBXBuildFile</string>
		</dict>
		<key>79932A271D4A79A90018370D</key>
		<dict>
			<key>buildActionMask</key>
			<string>2147483647</string>
			<key>files</key>
			<array>
				<string>7964172E1D4CF00000F0061F</string>
				<string>79932A281D4A79A90018370D</string>
				<string>79932A291D4A79A90018370D</string>
				<string>79932A2A1D4A79A90018370D</string>
				<string>79932A2B1D4A79A90018370D</string>
				<string>79932A2C1D4A79A90018370D</string>
				<string>79932A2D1D4A79A90018370D</string>
				<string>79932A2E1D4A79A90018370D</string>
				<string>79932A2F1D4A79A90018370D</string>
			</array>
			<key>isa</key>
			<string>PBXResourcesBuildPhase</string>
			<key>runOnlyForDeploymentPostprocessing</key>
			<string>0</string>
		</dict>
		<key>79932A281D4A79A90018370D</key>
		<dict>
			<key>fileRef</key>
			<string>79065F3E1D34147C005DB5AE</string>
			<key>isa</key>
			<string>PBXBuildFile</string>
		</dict>
		<key>79932A291D4A79A90018370D</key>
		<dict>
			<key>fileRef</key>
			<string>7960486C1D133230006571B3</string>
			<key>isa</key>
			<string>PBXBuildFile</string>
		</dict>
		<key>79932A2A1D4A79A90018370D</key>
		<dict>
			<key>fileRef</key>
			<string>798454CB1D05CF3600BB7262</string>
			<key>isa</key>
			<string>PBXBuildFile</string>
		</dict>
		<key>79932A2B1D4A79A90018370D</key>
		<dict>
			<key>fileRef</key>
			<string>79C8B75F1D29756B0072F2D3</string>
			<key>isa</key>
			<string>PBXBuildFile</string>
		</dict>
		<key>79932A2C1D4A79A90018370D</key>
		<dict>
			<key>fileRef</key>
			<string>7997321E1D3EA4D200FC3B01</string>
			<key>isa</key>
			<string>PBXBuildFile</string>
		</dict>
		<key>79932A2D1D4A79A90018370D</key>
		<dict>
			<key>fileRef</key>
			<string>79065F3C1D3412EA005DB5AE</string>
			<key>isa</key>
			<string>PBXBuildFile</string>
		</dict>
		<key>79932A2E1D4A79A90018370D</key>
		<dict>
			<key>fileRef</key>
			<string>798865E51D119BA500093761</string>
			<key>isa</key>
			<string>PBXBuildFile</string>
		</dict>
		<key>79932A2F1D4A79A90018370D</key>
		<dict>
			<key>fileRef</key>
			<string>7973B35C1D3FD5DA00E2B0FC</string>
			<key>isa</key>
			<string>PBXBuildFile</string>
		</dict>
		<key>79932A301D4A79A90018370D</key>
		<dict>
			<key>buildActionMask</key>
			<string>2147483647</string>
			<key>files</key>
			<array/>
			<key>inputPaths</key>
			<array>
				<string>$(SRCROOT)/Carthage/Build/Mac/Alamofire.framework</string>
				<string>$(SRCROOT)/Carthage/Build/Mac/Argo.framework</string>
				<string>$(SRCROOT)/Carthage/Build/Mac/Curry.framework</string>
				<string>$(SRCROOT)/Carthage/Build/Mac/Kingfisher.framework</string>
				<string>$(SRCROOT)/Carthage/Build/Mac/Moya.framework</string>
				<string>$(SRCROOT)/Carthage/Build/Mac/Result.framework</string>
				<string>$(SRCROOT)/Carthage/Build/Mac/RxCocoa.framework</string>
				<string>$(SRCROOT)/Carthage/Build/Mac/RxMoya.framework</string>
				<string>$(SRCROOT)/Carthage/Build/Mac/RxSwift.framework</string>
				<string>$(SRCROOT)/Carthage/Build/Mac/Swiftz.framework</string>
				<string>$(SRCROOT)/Carthage/Build/Mac/Cartography.framework</string>
				<string>$(SRCROOT)/Carthage/Build/Mac/Realm.framework</string>
				<string>$(SRCROOT)/Carthage/Build/Mac/RealmSwift.framework</string>
				<string>$(SRCROOT)/Carthage/Build/Mac/RxRealm.framework</string>
			</array>
			<key>isa</key>
			<string>PBXShellScriptBuildPhase</string>
			<key>name</key>
			<string>[Run Script - Carthage] Copy Frameworks</string>
			<key>outputPaths</key>
			<array/>
			<key>runOnlyForDeploymentPostprocessing</key>
			<string>0</string>
			<key>shellPath</key>
			<string>/bin/sh</string>
			<key>shellScript</key>
			<string>carthage copy-frameworks</string>
		</dict>
		<key>79932A311D4A79A90018370D</key>
		<dict>
			<key>buildActionMask</key>
			<string>2147483647</string>
			<key>files</key>
			<array/>
			<key>inputPaths</key>
			<array/>
			<key>isa</key>
			<string>PBXShellScriptBuildPhase</string>
			<key>name</key>
			<string>[Run Script - Swiftlint] Lint</string>
			<key>outputPaths</key>
			<array/>
			<key>runOnlyForDeploymentPostprocessing</key>
			<string>0</string>
			<key>shellPath</key>
			<string>/bin/sh</string>
			<key>shellScript</key>
			<string>if which swiftlint &gt;/dev/null; then
    swiftlint
else
    echo "warning: SwiftLint not installed, download from https://github.com/realm/SwiftLint"
fi</string>
		</dict>
		<key>79932A321D4A79A90018370D</key>
		<dict>
			<key>buildConfigurations</key>
			<array>
				<string>79932A331D4A79A90018370D</string>
				<string>79932A341D4A79A90018370D</string>
			</array>
			<key>defaultConfigurationIsVisible</key>
			<string>0</string>
			<key>defaultConfigurationName</key>
			<string>Release</string>
			<key>isa</key>
			<string>XCConfigurationList</string>
		</dict>
		<key>79932A331D4A79A90018370D</key>
		<dict>
			<key>buildSettings</key>
			<dict>
				<key>ASSETCATALOG_COMPILER_APPICON_NAME</key>
				<string>AppIcon</string>
				<key>COMBINE_HIDPI_IMAGES</key>
				<string>YES</string>
				<key>FRAMEWORK_SEARCH_PATHS</key>
				<array>
					<string>$(inherited)</string>
					<string>$(PROJECT_DIR)/Carthage/Build/Mac</string>
				</array>
				<key>INFOPLIST_FILE</key>
				<string>Yomu/Info.dev.plist</string>
				<key>LD_RUNPATH_SEARCH_PATHS</key>
				<string>$(inherited) @executable_path/../Frameworks</string>
				<key>PRODUCT_BUNDLE_IDENTIFIER</key>
				<string>com.sendyhalim.Yomu</string>
				<key>PRODUCT_NAME</key>
				<string>$(TARGET_NAME)</string>
			</dict>
			<key>isa</key>
			<string>XCBuildConfiguration</string>
			<key>name</key>
			<string>Debug</string>
		</dict>
		<key>79932A341D4A79A90018370D</key>
		<dict>
			<key>buildSettings</key>
			<dict>
				<key>ASSETCATALOG_COMPILER_APPICON_NAME</key>
				<string>AppIcon</string>
				<key>COMBINE_HIDPI_IMAGES</key>
				<string>YES</string>
				<key>FRAMEWORK_SEARCH_PATHS</key>
				<array>
					<string>$(inherited)</string>
					<string>$(PROJECT_DIR)/Carthage/Build/Mac</string>
				</array>
				<key>INFOPLIST_FILE</key>
				<string>Yomu/Info.dev.plist</string>
				<key>LD_RUNPATH_SEARCH_PATHS</key>
				<string>$(inherited) @executable_path/../Frameworks</string>
				<key>PRODUCT_BUNDLE_IDENTIFIER</key>
				<string>com.sendyhalim.Yomu</string>
				<key>PRODUCT_NAME</key>
				<string>$(TARGET_NAME)</string>
			</dict>
			<key>isa</key>
			<string>XCBuildConfiguration</string>
			<key>name</key>
			<string>Release</string>
		</dict>
		<key>79932A351D4A79A90018370D</key>
		<dict>
			<key>explicitFileType</key>
			<string>wrapper.application</string>
			<key>includeInIndex</key>
			<string>0</string>
			<key>isa</key>
			<string>PBXFileReference</string>
			<key>path</key>
			<string>Yomu Development.app</string>
			<key>sourceTree</key>
			<string>BUILT_PRODUCTS_DIR</string>
		</dict>
		<key>79932A371D4A7A320018370D</key>
		<dict>
			<key>fileEncoding</key>
			<string>4</string>
			<key>isa</key>
			<string>PBXFileReference</string>
			<key>lastKnownFileType</key>
			<string>sourcecode.swift</string>
			<key>path</key>
			<string>Config.swift</string>
			<key>sourceTree</key>
			<string>&lt;group&gt;</string>
		</dict>
		<key>79932A381D4A7A320018370D</key>
		<dict>
			<key>fileRef</key>
			<string>79932A371D4A7A320018370D</string>
			<key>isa</key>
			<string>PBXBuildFile</string>
		</dict>
		<key>79932A391D4A7AF40018370D</key>
		<dict>
			<key>fileRef</key>
			<string>79932A371D4A7A320018370D</string>
			<key>isa</key>
			<string>PBXBuildFile</string>
		</dict>
		<key>7995C6C11D717DE7008F02FD</key>
		<dict>
			<key>fileEncoding</key>
			<string>4</string>
			<key>isa</key>
			<string>PBXFileReference</string>
			<key>lastKnownFileType</key>
			<string>sourcecode.swift</string>
			<key>path</key>
			<string>YomuWindowController.swift</string>
			<key>sourceTree</key>
			<string>&lt;group&gt;</string>
		</dict>
		<key>7995C6C21D717DE7008F02FD</key>
		<dict>
			<key>fileRef</key>
			<string>7995C6C11D717DE7008F02FD</string>
			<key>isa</key>
			<string>PBXBuildFile</string>
		</dict>
		<key>799695921D57840400DE46BB</key>
		<dict>
			<key>fileEncoding</key>
			<string>4</string>
			<key>isa</key>
			<string>PBXFileReference</string>
			<key>lastKnownFileType</key>
			<string>sourcecode.swift</string>
			<key>path</key>
			<string>NSView.swift</string>
			<key>sourceTree</key>
			<string>&lt;group&gt;</string>
		</dict>
		<key>799695931D57840400DE46BB</key>
		<dict>
			<key>fileRef</key>
			<string>799695921D57840400DE46BB</string>
			<key>isa</key>
			<string>PBXBuildFile</string>
		</dict>
		<key>799695941D57841F00DE46BB</key>
		<dict>
			<key>fileRef</key>
			<string>799695921D57840400DE46BB</string>
			<key>isa</key>
			<string>PBXBuildFile</string>
		</dict>
		<key>799695951D5786C100DE46BB</key>
		<dict>
			<key>fileEncoding</key>
			<string>4</string>
			<key>isa</key>
			<string>PBXFileReference</string>
			<key>lastKnownFileType</key>
			<string>sourcecode.swift</string>
			<key>path</key>
			<string>NSColor.swift</string>
			<key>sourceTree</key>
			<string>&lt;group&gt;</string>
		</dict>
		<key>799695961D5786C100DE46BB</key>
		<dict>
			<key>fileRef</key>
			<string>799695951D5786C100DE46BB</string>
			<key>isa</key>
			<string>PBXBuildFile</string>
		</dict>
		<key>799695971D5786DB00DE46BB</key>
		<dict>
			<key>fileRef</key>
			<string>799695951D5786C100DE46BB</string>
			<key>isa</key>
			<string>PBXBuildFile</string>
		</dict>
		<key>7997321C1D3EA21000FC3B01</key>
		<dict>
			<key>fileEncoding</key>
			<string>4</string>
			<key>isa</key>
			<string>PBXFileReference</string>
			<key>lastKnownFileType</key>
			<string>sourcecode.swift</string>
			<key>path</key>
			<string>ChapterPageCollectionViewController.swift</string>
			<key>sourceTree</key>
			<string>&lt;group&gt;</string>
		</dict>
		<key>7997321D1D3EA21000FC3B01</key>
		<dict>
			<key>fileRef</key>
			<string>7997321C1D3EA21000FC3B01</string>
			<key>isa</key>
			<string>PBXBuildFile</string>
		</dict>
		<key>7997321E1D3EA4D200FC3B01</key>
		<dict>
			<key>fileEncoding</key>
			<string>4</string>
			<key>isa</key>
			<string>PBXFileReference</string>
			<key>lastKnownFileType</key>
			<string>file.xib</string>
			<key>path</key>
			<string>ChapterPageCollection.xib</string>
			<key>sourceTree</key>
			<string>&lt;group&gt;</string>
		</dict>
		<key>7997321F1D3EA4D200FC3B01</key>
		<dict>
			<key>fileRef</key>
			<string>7997321E1D3EA4D200FC3B01</string>
			<key>isa</key>
			<string>PBXBuildFile</string>
		</dict>
		<key>79A10E631D0D9FEF00B9C4B7</key>
		<dict>
			<key>children</key>
			<array>
				<string>79A10E641D0D9FFD00B9C4B7</string>
			</array>
			<key>isa</key>
			<string>PBXGroup</string>
			<key>path</key>
			<string>stubs</string>
			<key>sourceTree</key>
			<string>&lt;group&gt;</string>
		</dict>
		<key>79A10E641D0D9FFD00B9C4B7</key>
		<dict>
			<key>fileEncoding</key>
			<string>4</string>
			<key>isa</key>
			<string>PBXFileReference</string>
			<key>lastKnownFileType</key>
			<string>text.json</string>
			<key>path</key>
			<string>manga.json</string>
			<key>sourceTree</key>
			<string>&lt;group&gt;</string>
		</dict>
		<key>79A10E651D0D9FFD00B9C4B7</key>
		<dict>
			<key>fileRef</key>
			<string>79A10E641D0D9FFD00B9C4B7</string>
			<key>isa</key>
			<string>PBXBuildFile</string>
		</dict>
		<key>79AB8FF11D4BB198000FB47D</key>
		<dict>
			<key>fileEncoding</key>
			<string>4</string>
			<key>isa</key>
			<string>PBXFileReference</string>
			<key>lastKnownFileType</key>
			<string>sourcecode.swift</string>
			<key>path</key>
			<string>YomuAPI.swift</string>
			<key>sourceTree</key>
			<string>&lt;group&gt;</string>
		</dict>
		<key>79AB8FF21D4BB198000FB47D</key>
		<dict>
			<key>fileRef</key>
			<string>79AB8FF11D4BB198000FB47D</string>
			<key>isa</key>
			<string>PBXBuildFile</string>
		</dict>
		<key>79AB8FF31D4BB30C000FB47D</key>
		<dict>
			<key>fileEncoding</key>
			<string>4</string>
			<key>isa</key>
			<string>PBXFileReference</string>
			<key>lastKnownFileType</key>
			<string>sourcecode.swift</string>
			<key>path</key>
			<string>String.swift</string>
			<key>sourceTree</key>
			<string>&lt;group&gt;</string>
		</dict>
		<key>79AB8FF41D4BB30C000FB47D</key>
		<dict>
			<key>fileRef</key>
			<string>79AB8FF31D4BB30C000FB47D</string>
			<key>isa</key>
			<string>PBXBuildFile</string>
		</dict>
		<key>79AB8FF51D4BB5B5000FB47D</key>
		<dict>
			<key>fileEncoding</key>
			<string>4</string>
			<key>isa</key>
			<string>PBXFileReference</string>
			<key>lastKnownFileType</key>
			<string>sourcecode.swift</string>
			<key>path</key>
			<string>SearchedManga.swift</string>
			<key>sourceTree</key>
			<string>&lt;group&gt;</string>
		</dict>
		<key>79AB8FF61D4BB5B5000FB47D</key>
		<dict>
			<key>fileRef</key>
			<string>79AB8FF51D4BB5B5000FB47D</string>
			<key>isa</key>
			<string>PBXBuildFile</string>
		</dict>
		<key>79AB8FF71D4BB875000FB47D</key>
		<dict>
			<key>fileEncoding</key>
			<string>4</string>
			<key>isa</key>
			<string>PBXFileReference</string>
			<key>lastKnownFileType</key>
			<string>sourcecode.swift</string>
			<key>path</key>
			<string>SearchedMangaCollectionViewModel.swift</string>
			<key>sourceTree</key>
			<string>&lt;group&gt;</string>
		</dict>
		<key>79AB8FF81D4BB875000FB47D</key>
		<dict>
			<key>fileRef</key>
			<string>79AB8FF71D4BB875000FB47D</string>
			<key>isa</key>
			<string>PBXBuildFile</string>
		</dict>
		<key>79AB8FF91D4BB8F4000FB47D</key>
		<dict>
			<key>fileEncoding</key>
			<string>4</string>
			<key>isa</key>
			<string>PBXFileReference</string>
			<key>lastKnownFileType</key>
			<string>sourcecode.swift</string>
			<key>path</key>
			<string>SearchedMangaViewModel.swift</string>
			<key>sourceTree</key>
			<string>&lt;group&gt;</string>
		</dict>
		<key>79AB8FFA1D4BB8F4000FB47D</key>
		<dict>
			<key>fileRef</key>
			<string>79AB8FF91D4BB8F4000FB47D</string>
			<key>isa</key>
			<string>PBXBuildFile</string>
		</dict>
		<key>79AB8FFB1D4BBD36000FB47D</key>
		<dict>
			<key>fileEncoding</key>
			<string>4</string>
			<key>isa</key>
			<string>PBXFileReference</string>
			<key>lastKnownFileType</key>
			<string>file.xib</string>
			<key>path</key>
			<string>SearchedMangaCollection.xib</string>
			<key>sourceTree</key>
			<string>&lt;group&gt;</string>
		</dict>
		<key>79AB8FFC1D4BBD36000FB47D</key>
		<dict>
			<key>fileRef</key>
			<string>79AB8FFB1D4BBD36000FB47D</string>
			<key>isa</key>
			<string>PBXBuildFile</string>
		</dict>
		<key>79AB8FFD1D4BBD6C000FB47D</key>
		<dict>
			<key>fileEncoding</key>
			<string>4</string>
			<key>isa</key>
			<string>PBXFileReference</string>
			<key>lastKnownFileType</key>
			<string>sourcecode.swift</string>
			<key>path</key>
			<string>SearchedMangaCollectionViewController.swift</string>
			<key>sourceTree</key>
			<string>&lt;group&gt;</string>
		</dict>
		<key>79AB8FFE1D4BBD6C000FB47D</key>
		<dict>
			<key>fileRef</key>
			<string>79AB8FFD1D4BBD6C000FB47D</string>
			<key>isa</key>
			<string>PBXBuildFile</string>
		</dict>
		<key>79AF71981D072BC900608518</key>
		<dict>
			<key>buildActionMask</key>
			<string>2147483647</string>
			<key>files</key>
			<array/>
			<key>inputPaths</key>
			<array>
				<string>$(SRCROOT)/Carthage/Build/Mac/Alamofire.framework</string>
				<string>$(SRCROOT)/Carthage/Build/Mac/Argo.framework</string>
				<string>$(SRCROOT)/Carthage/Build/Mac/Curry.framework</string>
				<string>$(SRCROOT)/Carthage/Build/Mac/Kingfisher.framework</string>
				<string>$(SRCROOT)/Carthage/Build/Mac/Moya.framework</string>
				<string>$(SRCROOT)/Carthage/Build/Mac/Result.framework</string>
				<string>$(SRCROOT)/Carthage/Build/Mac/RxCocoa.framework</string>
				<string>$(SRCROOT)/Carthage/Build/Mac/RxMoya.framework</string>
				<string>$(SRCROOT)/Carthage/Build/Mac/RxSwift.framework</string>
				<string>$(SRCROOT)/Carthage/Build/Mac/Swiftz.framework</string>
				<string>$(SRCROOT)/Carthage/Build/Mac/Cartography.framework</string>
				<string>$(SRCROOT)/Carthage/Build/Mac/Realm.framework</string>
				<string>$(SRCROOT)/Carthage/Build/Mac/RealmSwift.framework</string>
				<string>$(SRCROOT)/Carthage/Build/Mac/RxRealm.framework</string>
			</array>
			<key>isa</key>
			<string>PBXShellScriptBuildPhase</string>
			<key>name</key>
			<string>[Run Script - Carthage] Copy Frameworks</string>
			<key>outputPaths</key>
			<array/>
			<key>runOnlyForDeploymentPostprocessing</key>
			<string>0</string>
			<key>shellPath</key>
			<string>/bin/sh</string>
			<key>shellScript</key>
			<string>carthage copy-frameworks</string>
		</dict>
		<key>79AF71991D072C8300608518</key>
		<dict>
			<key>children</key>
			<array>
				<string>7901C6DB1D62421D00EE349B</string>
				<string>7983E90F1D5B9A200001A46C</string>
				<string>7983E9101D5B9A200001A46C</string>
				<string>79FB7E9F1D3D378300A1CB12</string>
				<string>79E85D7C1D0B378C0029FDA6</string>
				<string>79E85D7D1D0B378C0029FDA6</string>
				<string>79AF719A1D072C9B00608518</string>
				<string>79AF719B1D072C9B00608518</string>
				<string>79AF719C1D072C9B00608518</string>
				<string>79AF719D1D072C9B00608518</string>
				<string>79AF719E1D072C9B00608518</string>
				<string>79AF719F1D072C9B00608518</string>
				<string>79AF71A01D072C9B00608518</string>
				<string>79AF71A11D072C9B00608518</string>
				<string>79AF71A21D072C9B00608518</string>
				<string>79AF71A41D072C9B00608518</string>
			</array>
			<key>isa</key>
			<string>PBXGroup</string>
			<key>name</key>
			<string>Frameworks</string>
			<key>sourceTree</key>
			<string>&lt;group&gt;</string>
		</dict>
		<key>79AF719A1D072C9B00608518</key>
		<dict>
			<key>isa</key>
			<string>PBXFileReference</string>
			<key>lastKnownFileType</key>
			<string>wrapper.framework</string>
			<key>name</key>
			<string>Alamofire.framework</string>
			<key>path</key>
			<string>Carthage/Build/Mac/Alamofire.framework</string>
			<key>sourceTree</key>
			<string>&lt;group&gt;</string>
		</dict>
		<key>79AF719B1D072C9B00608518</key>
		<dict>
			<key>isa</key>
			<string>PBXFileReference</string>
			<key>lastKnownFileType</key>
			<string>wrapper.framework</string>
			<key>name</key>
			<string>Argo.framework</string>
			<key>path</key>
			<string>Carthage/Build/Mac/Argo.framework</string>
			<key>sourceTree</key>
			<string>&lt;group&gt;</string>
		</dict>
		<key>79AF719C1D072C9B00608518</key>
		<dict>
			<key>isa</key>
			<string>PBXFileReference</string>
			<key>lastKnownFileType</key>
			<string>wrapper.framework</string>
			<key>name</key>
			<string>Curry.framework</string>
			<key>path</key>
			<string>Carthage/Build/Mac/Curry.framework</string>
			<key>sourceTree</key>
			<string>&lt;group&gt;</string>
		</dict>
		<key>79AF719D1D072C9B00608518</key>
		<dict>
			<key>isa</key>
			<string>PBXFileReference</string>
			<key>lastKnownFileType</key>
			<string>wrapper.framework</string>
			<key>name</key>
			<string>Kingfisher.framework</string>
			<key>path</key>
			<string>Carthage/Build/Mac/Kingfisher.framework</string>
			<key>sourceTree</key>
			<string>&lt;group&gt;</string>
		</dict>
		<key>79AF719E1D072C9B00608518</key>
		<dict>
			<key>isa</key>
			<string>PBXFileReference</string>
			<key>lastKnownFileType</key>
			<string>wrapper.framework</string>
			<key>name</key>
			<string>Moya.framework</string>
			<key>path</key>
			<string>Carthage/Build/Mac/Moya.framework</string>
			<key>sourceTree</key>
			<string>&lt;group&gt;</string>
		</dict>
		<key>79AF719F1D072C9B00608518</key>
		<dict>
			<key>isa</key>
			<string>PBXFileReference</string>
			<key>lastKnownFileType</key>
			<string>wrapper.framework</string>
			<key>name</key>
			<string>Result.framework</string>
			<key>path</key>
			<string>Carthage/Build/Mac/Result.framework</string>
			<key>sourceTree</key>
			<string>&lt;group&gt;</string>
		</dict>
		<key>79AF71A01D072C9B00608518</key>
		<dict>
			<key>isa</key>
			<string>PBXFileReference</string>
			<key>lastKnownFileType</key>
			<string>wrapper.framework</string>
			<key>name</key>
			<string>RxCocoa.framework</string>
			<key>path</key>
			<string>Carthage/Build/Mac/RxCocoa.framework</string>
			<key>sourceTree</key>
			<string>&lt;group&gt;</string>
		</dict>
		<key>79AF71A11D072C9B00608518</key>
		<dict>
			<key>isa</key>
			<string>PBXFileReference</string>
			<key>lastKnownFileType</key>
			<string>wrapper.framework</string>
			<key>name</key>
			<string>RxMoya.framework</string>
			<key>path</key>
			<string>Carthage/Build/Mac/RxMoya.framework</string>
			<key>sourceTree</key>
			<string>&lt;group&gt;</string>
		</dict>
		<key>79AF71A21D072C9B00608518</key>
		<dict>
			<key>isa</key>
			<string>PBXFileReference</string>
			<key>lastKnownFileType</key>
			<string>wrapper.framework</string>
			<key>name</key>
			<string>RxSwift.framework</string>
			<key>path</key>
			<string>Carthage/Build/Mac/RxSwift.framework</string>
			<key>sourceTree</key>
			<string>&lt;group&gt;</string>
		</dict>
		<key>79AF71A41D072C9B00608518</key>
		<dict>
			<key>isa</key>
			<string>PBXFileReference</string>
			<key>lastKnownFileType</key>
			<string>wrapper.framework</string>
			<key>name</key>
			<string>Swiftz.framework</string>
			<key>path</key>
			<string>Carthage/Build/Mac/Swiftz.framework</string>
			<key>sourceTree</key>
			<string>&lt;group&gt;</string>
		</dict>
		<key>79AF71A51D072C9B00608518</key>
		<dict>
			<key>fileRef</key>
			<string>79AF719A1D072C9B00608518</string>
			<key>isa</key>
			<string>PBXBuildFile</string>
		</dict>
		<key>79AF71A61D072C9B00608518</key>
		<dict>
			<key>fileRef</key>
			<string>79AF719B1D072C9B00608518</string>
			<key>isa</key>
			<string>PBXBuildFile</string>
		</dict>
		<key>79AF71A71D072C9B00608518</key>
		<dict>
			<key>fileRef</key>
			<string>79AF719C1D072C9B00608518</string>
			<key>isa</key>
			<string>PBXBuildFile</string>
		</dict>
		<key>79AF71A81D072C9B00608518</key>
		<dict>
			<key>fileRef</key>
			<string>79AF719D1D072C9B00608518</string>
			<key>isa</key>
			<string>PBXBuildFile</string>
		</dict>
		<key>79AF71A91D072C9B00608518</key>
		<dict>
			<key>fileRef</key>
			<string>79AF719E1D072C9B00608518</string>
			<key>isa</key>
			<string>PBXBuildFile</string>
		</dict>
		<key>79AF71AA1D072C9B00608518</key>
		<dict>
			<key>fileRef</key>
			<string>79AF719F1D072C9B00608518</string>
			<key>isa</key>
			<string>PBXBuildFile</string>
		</dict>
		<key>79AF71AB1D072C9B00608518</key>
		<dict>
			<key>fileRef</key>
			<string>79AF71A01D072C9B00608518</string>
			<key>isa</key>
			<string>PBXBuildFile</string>
		</dict>
		<key>79AF71AC1D072C9B00608518</key>
		<dict>
			<key>fileRef</key>
			<string>79AF71A11D072C9B00608518</string>
			<key>isa</key>
			<string>PBXBuildFile</string>
		</dict>
		<key>79AF71AD1D072C9B00608518</key>
		<dict>
			<key>fileRef</key>
			<string>79AF71A21D072C9B00608518</string>
			<key>isa</key>
			<string>PBXBuildFile</string>
		</dict>
		<key>79AF71AF1D072C9B00608518</key>
		<dict>
			<key>fileRef</key>
			<string>79AF71A41D072C9B00608518</string>
			<key>isa</key>
			<string>PBXBuildFile</string>
		</dict>
		<key>79AF71B01D072CC200608518</key>
		<dict>
			<key>buildActionMask</key>
			<string>2147483647</string>
			<key>files</key>
			<array/>
			<key>inputPaths</key>
			<array/>
			<key>isa</key>
			<string>PBXShellScriptBuildPhase</string>
			<key>name</key>
			<string>[Run Script - Swiftlint] Lint</string>
			<key>outputPaths</key>
			<array/>
			<key>runOnlyForDeploymentPostprocessing</key>
			<string>0</string>
			<key>shellPath</key>
			<string>/bin/sh</string>
			<key>shellScript</key>
			<string>if which swiftlint &gt;/dev/null; then
    swiftlint
else
    echo "warning: SwiftLint not installed, download from https://github.com/realm/SwiftLint"
fi</string>
		</dict>
		<key>79AF71B11D072D9900608518</key>
		<dict>
			<key>children</key>
			<array>
				<string>79E85D7A1D0B2C110029FDA6</string>
				<string>7916A2051D1844DF007CA1BD</string>
				<string>79E85D781D0B287D0029FDA6</string>
				<string>79AF71B21D072DB100608518</string>
				<string>7901C6D61D623A3000EE349B</string>
				<string>79AB8FF51D4BB5B5000FB47D</string>
			</array>
			<key>isa</key>
			<string>PBXGroup</string>
			<key>path</key>
			<string>Models</string>
			<key>sourceTree</key>
			<string>&lt;group&gt;</string>
		</dict>
		<key>79AF71B21D072DB100608518</key>
		<dict>
			<key>fileEncoding</key>
			<string>4</string>
			<key>isa</key>
			<string>PBXFileReference</string>
			<key>lastKnownFileType</key>
			<string>sourcecode.swift</string>
			<key>path</key>
			<string>Manga.swift</string>
			<key>sourceTree</key>
			<string>&lt;group&gt;</string>
		</dict>
		<key>79AF71B31D072DB100608518</key>
		<dict>
			<key>fileRef</key>
			<string>79AF71B21D072DB100608518</string>
			<key>isa</key>
			<string>PBXBuildFile</string>
		</dict>
		<key>79C8B75B1D29514A0072F2D3</key>
		<dict>
			<key>fileEncoding</key>
			<string>4</string>
			<key>isa</key>
			<string>PBXFileReference</string>
			<key>lastKnownFileType</key>
			<string>sourcecode.swift</string>
			<key>path</key>
			<string>MangaCollectionViewModel.swift</string>
			<key>sourceTree</key>
			<string>&lt;group&gt;</string>
		</dict>
		<key>79C8B75C1D29514A0072F2D3</key>
		<dict>
			<key>fileRef</key>
			<string>79C8B75B1D29514A0072F2D3</string>
			<key>isa</key>
			<string>PBXBuildFile</string>
		</dict>
		<key>79C8B75D1D2962CD0072F2D3</key>
		<dict>
			<key>fileEncoding</key>
			<string>4</string>
			<key>isa</key>
			<string>PBXFileReference</string>
			<key>lastKnownFileType</key>
			<string>sourcecode.swift</string>
			<key>path</key>
			<string>MangaContainerViewController.swift</string>
			<key>sourceTree</key>
			<string>&lt;group&gt;</string>
		</dict>
		<key>79C8B75E1D2962CD0072F2D3</key>
		<dict>
			<key>fileRef</key>
			<string>79C8B75D1D2962CD0072F2D3</string>
			<key>isa</key>
			<string>PBXBuildFile</string>
		</dict>
		<key>79C8B75F1D29756B0072F2D3</key>
		<dict>
			<key>fileEncoding</key>
			<string>4</string>
			<key>isa</key>
			<string>PBXFileReference</string>
			<key>lastKnownFileType</key>
			<string>file.storyboard</string>
			<key>path</key>
			<string>Main.storyboard</string>
			<key>sourceTree</key>
			<string>&lt;group&gt;</string>
		</dict>
		<key>79C8B7601D29756B0072F2D3</key>
		<dict>
			<key>fileRef</key>
			<string>79C8B75F1D29756B0072F2D3</string>
			<key>isa</key>
			<string>PBXBuildFile</string>
		</dict>
		<key>79D75CB31D675EBA00906F01</key>
		<dict>
			<key>fileEncoding</key>
			<string>4</string>
			<key>isa</key>
			<string>PBXFileReference</string>
			<key>lastKnownFileType</key>
			<string>sourcecode.swift</string>
			<key>path</key>
			<string>NSProgressIndicator.swift</string>
			<key>sourceTree</key>
			<string>&lt;group&gt;</string>
		</dict>
		<key>79D75CB41D675EBA00906F01</key>
		<dict>
			<key>fileRef</key>
			<string>79D75CB31D675EBA00906F01</string>
			<key>isa</key>
			<string>PBXBuildFile</string>
		</dict>
		<key>79D75CB51D67615800906F01</key>
		<dict>
			<key>fileRef</key>
			<string>79D75CB31D675EBA00906F01</string>
			<key>isa</key>
			<string>PBXBuildFile</string>
		</dict>
		<key>79E35F801D2D6209006765E0</key>
		<dict>
			<key>fileEncoding</key>
			<string>4</string>
			<key>isa</key>
			<string>PBXFileReference</string>
			<key>lastKnownFileType</key>
			<string>sourcecode.swift</string>
			<key>path</key>
			<string>ChapterViewModel.swift</string>
			<key>sourceTree</key>
			<string>&lt;group&gt;</string>
		</dict>
		<key>79E35F811D2D6209006765E0</key>
		<dict>
			<key>fileRef</key>
			<string>79E35F801D2D6209006765E0</string>
			<key>isa</key>
			<string>PBXBuildFile</string>
		</dict>
		<key>79E35F821D2D6BB0006765E0</key>
		<dict>
			<key>fileEncoding</key>
			<string>4</string>
			<key>isa</key>
			<string>PBXFileReference</string>
			<key>lastKnownFileType</key>
			<string>sourcecode.swift</string>
			<key>path</key>
			<string>MangaViewModel.swift</string>
			<key>sourceTree</key>
			<string>&lt;group&gt;</string>
		</dict>
		<key>79E35F831D2D6BB0006765E0</key>
		<dict>
			<key>fileRef</key>
			<string>79E35F821D2D6BB0006765E0</string>
			<key>isa</key>
			<string>PBXBuildFile</string>
		</dict>
		<key>79E35F841D2D7384006765E0</key>
		<dict>
			<key>fileEncoding</key>
			<string>4</string>
			<key>isa</key>
			<string>PBXFileReference</string>
			<key>lastKnownFileType</key>
			<string>sourcecode.swift</string>
			<key>path</key>
			<string>NSImageView.swift</string>
			<key>sourceTree</key>
			<string>&lt;group&gt;</string>
		</dict>
		<key>79E35F851D2D7384006765E0</key>
		<dict>
			<key>fileRef</key>
			<string>79E35F841D2D7384006765E0</string>
			<key>isa</key>
			<string>PBXBuildFile</string>
		</dict>
		<key>79E85D741D0B22A80029FDA6</key>
		<dict>
			<key>children</key>
			<array>
				<string>799695951D5786C100DE46BB</string>
				<string>79E35F841D2D7384006765E0</string>
				<string>79D75CB31D675EBA00906F01</string>
				<string>79E85D761D0B22C50029FDA6</string>
				<string>799695921D57840400DE46BB</string>
				<string>79FF941A1D10776D00A7E450</string>
				<string>79AB8FF31D4BB30C000FB47D</string>
			</array>
			<key>isa</key>
			<string>PBXGroup</string>
			<key>path</key>
			<string>Extensions</string>
			<key>sourceTree</key>
			<string>&lt;group&gt;</string>
		</dict>
		<key>79E85D761D0B22C50029FDA6</key>
		<dict>
			<key>fileEncoding</key>
			<string>4</string>
			<key>isa</key>
			<string>PBXFileReference</string>
			<key>lastKnownFileType</key>
			<string>sourcecode.swift</string>
			<key>path</key>
			<string>NSURL.swift</string>
			<key>sourceTree</key>
			<string>&lt;group&gt;</string>
		</dict>
		<key>79E85D771D0B22C50029FDA6</key>
		<dict>
			<key>fileRef</key>
			<string>79E85D761D0B22C50029FDA6</string>
			<key>isa</key>
			<string>PBXBuildFile</string>
		</dict>
		<key>79E85D781D0B287D0029FDA6</key>
		<dict>
			<key>fileEncoding</key>
			<string>4</string>
			<key>isa</key>
			<string>PBXFileReference</string>
			<key>lastKnownFileType</key>
			<string>sourcecode.swift</string>
			<key>path</key>
			<string>ImageUrl.swift</string>
			<key>sourceTree</key>
			<string>&lt;group&gt;</string>
		</dict>
		<key>79E85D791D0B287D0029FDA6</key>
		<dict>
			<key>fileRef</key>
			<string>79E85D781D0B287D0029FDA6</string>
			<key>isa</key>
			<string>PBXBuildFile</string>
		</dict>
		<key>79E85D7A1D0B2C110029FDA6</key>
		<dict>
			<key>fileEncoding</key>
			<string>4</string>
			<key>isa</key>
			<string>PBXFileReference</string>
			<key>lastKnownFileType</key>
			<string>sourcecode.swift</string>
			<key>path</key>
			<string>Chapter.swift</string>
			<key>sourceTree</key>
			<string>&lt;group&gt;</string>
		</dict>
		<key>79E85D7B1D0B2C110029FDA6</key>
		<dict>
			<key>fileRef</key>
			<string>79E85D7A1D0B2C110029FDA6</string>
			<key>isa</key>
			<string>PBXBuildFile</string>
		</dict>
		<key>79E85D7C1D0B378C0029FDA6</key>
		<dict>
			<key>isa</key>
			<string>PBXFileReference</string>
			<key>lastKnownFileType</key>
			<string>wrapper.framework</string>
			<key>name</key>
			<string>Quick.framework</string>
			<key>path</key>
			<string>Carthage/Build/Mac/Quick.framework</string>
			<key>sourceTree</key>
			<string>&lt;group&gt;</string>
		</dict>
		<key>79E85D7D1D0B378C0029FDA6</key>
		<dict>
			<key>isa</key>
			<string>PBXFileReference</string>
			<key>lastKnownFileType</key>
			<string>wrapper.framework</string>
			<key>name</key>
			<string>Nimble.framework</string>
			<key>path</key>
			<string>Carthage/Build/Mac/Nimble.framework</string>
			<key>sourceTree</key>
			<string>&lt;group&gt;</string>
		</dict>
		<key>79E85D7E1D0B378C0029FDA6</key>
		<dict>
			<key>fileRef</key>
			<string>79E85D7C1D0B378C0029FDA6</string>
			<key>isa</key>
			<string>PBXBuildFile</string>
		</dict>
		<key>79E85D7F1D0B378C0029FDA6</key>
		<dict>
			<key>fileRef</key>
			<string>79E85D7D1D0B378C0029FDA6</string>
			<key>isa</key>
			<string>PBXBuildFile</string>
		</dict>
		<key>79E85D801D0B37B70029FDA6</key>
		<dict>
			<key>buildActionMask</key>
			<string>2147483647</string>
			<key>dstPath</key>
			<string></string>
			<key>dstSubfolderSpec</key>
			<string>10</string>
			<key>files</key>
			<array>
				<string>79E85D811D0B37E00029FDA6</string>
				<string>79E85D821D0B37E00029FDA6</string>
			</array>
			<key>isa</key>
			<string>PBXCopyFilesBuildPhase</string>
			<key>runOnlyForDeploymentPostprocessing</key>
			<string>0</string>
		</dict>
		<key>79E85D811D0B37E00029FDA6</key>
		<dict>
			<key>fileRef</key>
			<string>79E85D7C1D0B378C0029FDA6</string>
			<key>isa</key>
			<string>PBXBuildFile</string>
			<key>settings</key>
			<dict>
				<key>ATTRIBUTES</key>
				<array>
					<string>CodeSignOnCopy</string>
					<string>RemoveHeadersOnCopy</string>
				</array>
			</dict>
		</dict>
		<key>79E85D821D0B37E00029FDA6</key>
		<dict>
			<key>fileRef</key>
			<string>79E85D7D1D0B378C0029FDA6</string>
			<key>isa</key>
			<string>PBXBuildFile</string>
			<key>settings</key>
			<dict>
				<key>ATTRIBUTES</key>
				<array>
					<string>CodeSignOnCopy</string>
					<string>RemoveHeadersOnCopy</string>
				</array>
			</dict>
		</dict>
		<key>79E85D831D0B37EF0029FDA6</key>
		<dict>
			<key>children</key>
			<array>
				<string>7916A2071D184701007CA1BD</string>
				<string>79E85D841D0B380D0029FDA6</string>
				<string>794CF82C1D0D9B51008761DF</string>
			</array>
			<key>isa</key>
			<string>PBXGroup</string>
			<key>path</key>
			<string>Models</string>
			<key>sourceTree</key>
			<string>&lt;group&gt;</string>
		</dict>
		<key>79E85D841D0B380D0029FDA6</key>
		<dict>
			<key>fileEncoding</key>
			<string>4</string>
			<key>isa</key>
			<string>PBXFileReference</string>
			<key>lastKnownFileType</key>
			<string>sourcecode.swift</string>
			<key>path</key>
			<string>ChapterSpec.swift</string>
			<key>sourceTree</key>
			<string>&lt;group&gt;</string>
		</dict>
		<key>79E85D851D0B380D0029FDA6</key>
		<dict>
			<key>fileRef</key>
			<string>79E85D841D0B380D0029FDA6</string>
			<key>isa</key>
			<string>PBXBuildFile</string>
		</dict>
		<key>79E9A8051D4A7880007D1190</key>
		<dict>
			<key>isa</key>
			<string>PBXFileReference</string>
			<key>lastKnownFileType</key>
			<string>text.plist.xml</string>
			<key>path</key>
			<string>Info.dev.plist</string>
			<key>sourceTree</key>
			<string>&lt;group&gt;</string>
		</dict>
		<key>79F094871D118B300029FB41</key>
		<dict>
			<key>children</key>
			<array>
				<string>798865E81D11A18400093761</string>
				<string>798865E71D11A16F00093761</string>
			</array>
			<key>isa</key>
			<string>PBXGroup</string>
			<key>path</key>
			<string>Views</string>
			<key>sourceTree</key>
			<string>&lt;group&gt;</string>
		</dict>
		<key>79F0948A1D1198C80029FB41</key>
		<dict>
			<key>children</key>
			<array>
				<string>796048611D12FBEB006571B3</string>
				<string>7997321C1D3EA21000FC3B01</string>
				<string>79F0948B1D1198F60029FB41</string>
				<string>79C8B75D1D2962CD0072F2D3</string>
				<string>790ABFC81D550250004BAB8D</string>
				<string>79AB8FFD1D4BBD6C000FB47D</string>
				<string>7995C6C11D717DE7008F02FD</string>
			</array>
			<key>isa</key>
			<string>PBXGroup</string>
			<key>path</key>
			<string>Controllers</string>
			<key>sourceTree</key>
			<string>&lt;group&gt;</string>
		</dict>
		<key>79F0948B1D1198F60029FB41</key>
		<dict>
			<key>fileEncoding</key>
			<string>4</string>
			<key>isa</key>
			<string>PBXFileReference</string>
			<key>lastKnownFileType</key>
			<string>sourcecode.swift</string>
			<key>path</key>
			<string>MangaCollectionViewController.swift</string>
			<key>sourceTree</key>
			<string>&lt;group&gt;</string>
		</dict>
		<key>79F0948C1D1198F60029FB41</key>
		<dict>
			<key>fileRef</key>
			<string>79F0948B1D1198F60029FB41</string>
			<key>isa</key>
			<string>PBXBuildFile</string>
		</dict>
		<key>79F7CF6F1D27A2F7005B135B</key>
		<dict>
			<key>children</key>
			<array>
				<string>79C8B75F1D29756B0072F2D3</string>
			</array>
			<key>isa</key>
			<string>PBXGroup</string>
			<key>path</key>
			<string>Storyboards</string>
			<key>sourceTree</key>
			<string>&lt;group&gt;</string>
		</dict>
		<key>79FB7E9F1D3D378300A1CB12</key>
		<dict>
			<key>isa</key>
			<string>PBXFileReference</string>
			<key>lastKnownFileType</key>
			<string>wrapper.framework</string>
			<key>name</key>
			<string>Cartography.framework</string>
			<key>path</key>
			<string>Carthage/Build/Mac/Cartography.framework</string>
			<key>sourceTree</key>
			<string>&lt;group&gt;</string>
		</dict>
		<key>79FB7EA01D3D378300A1CB12</key>
		<dict>
			<key>fileRef</key>
			<string>79FB7E9F1D3D378300A1CB12</string>
			<key>isa</key>
			<string>PBXBuildFile</string>
		</dict>
		<key>79FF941A1D10776D00A7E450</key>
		<dict>
			<key>fileEncoding</key>
			<string>4</string>
			<key>isa</key>
			<string>PBXFileReference</string>
			<key>lastKnownFileType</key>
			<string>sourcecode.swift</string>
			<key>path</key>
			<string>RxMoyaResponse.swift</string>
			<key>sourceTree</key>
			<string>&lt;group&gt;</string>
		</dict>
		<key>79FF941B1D10776D00A7E450</key>
		<dict>
			<key>fileRef</key>
			<string>79FF941A1D10776D00A7E450</string>
			<key>isa</key>
			<string>PBXBuildFile</string>
		</dict>
	</dict>
	<key>rootObject</key>
	<string>798454BE1D05CF3500BB7262</string>
</dict>
</plist>
