// !$*UTF8*$!
{
	archiveVersion = 1;
	classes = {
	};
	objectVersion = 46;
	objects = {

/* Begin PBXBuildFile section */
		7916A2061D1844DF007CA1BD /* ChapterPage.swift in Sources */ = {isa = PBXBuildFile; fileRef = 7916A2051D1844DF007CA1BD /* ChapterPage.swift */; };
		7916A2081D184701007CA1BD /* ChapterPageSpec.swift in Sources */ = {isa = PBXBuildFile; fileRef = 7916A2071D184701007CA1BD /* ChapterPageSpec.swift */; };
		794CF82B1D0D9A5B008761DF /* JSONFileReader.swift in Sources */ = {isa = PBXBuildFile; fileRef = 794CF82A1D0D9A5B008761DF /* JSONFileReader.swift */; };
		794CF82D1D0D9B51008761DF /* MangaSpec.swift in Sources */ = {isa = PBXBuildFile; fileRef = 794CF82C1D0D9B51008761DF /* MangaSpec.swift */; };
		796048621D12FBEB006571B3 /* ChapterCollectionViewController.swift in Sources */ = {isa = PBXBuildFile; fileRef = 796048611D12FBEB006571B3 /* ChapterCollectionViewController.swift */; };
		796048651D13062E006571B3 /* DisposeBag.swift in Sources */ = {isa = PBXBuildFile; fileRef = 796048641D13062E006571B3 /* DisposeBag.swift */; };
		796048691D130887006571B3 /* ChapterItem.swift in Sources */ = {isa = PBXBuildFile; fileRef = 796048681D130887006571B3 /* ChapterItem.swift */; };
		7960486D1D133230006571B3 /* ChapterItem.xib in Resources */ = {isa = PBXBuildFile; fileRef = 7960486C1D133230006571B3 /* ChapterItem.xib */; };
		796052371D12EA2100CF0074 /* ChapterCollection.xib in Resources */ = {isa = PBXBuildFile; fileRef = 796052361D12EA2100CF0074 /* ChapterCollection.xib */; };
		798454CA1D05CF3600BB7262 /* AppDelegate.swift in Sources */ = {isa = PBXBuildFile; fileRef = 798454C91D05CF3600BB7262 /* AppDelegate.swift */; };
		798454CC1D05CF3600BB7262 /* Assets.xcassets in Resources */ = {isa = PBXBuildFile; fileRef = 798454CB1D05CF3600BB7262 /* Assets.xcassets */; };
		798454CF1D05CF3600BB7262 /* MainMenu.xib in Resources */ = {isa = PBXBuildFile; fileRef = 798454CD1D05CF3600BB7262 /* MainMenu.xib */; };
		798865E61D119BA500093761 /* MangaItem.xib in Resources */ = {isa = PBXBuildFile; fileRef = 798865E51D119BA500093761 /* MangaItem.xib */; };
		798865EA1D11A1A400093761 /* MangaItem.swift in Sources */ = {isa = PBXBuildFile; fileRef = 798865E91D11A1A400093761 /* MangaItem.swift */; };
		798866181D11AB4300093761 /* MangaEdenAPI.swift in Sources */ = {isa = PBXBuildFile; fileRef = 798866171D11AB4300093761 /* MangaEdenAPI.swift */; };
		7988661B1D11ADF900093761 /* ChaptersViewModel.swift in Sources */ = {isa = PBXBuildFile; fileRef = 7988661A1D11ADF900093761 /* ChaptersViewModel.swift */; };
		79A10E651D0D9FFD00B9C4B7 /* manga.json in Resources */ = {isa = PBXBuildFile; fileRef = 79A10E641D0D9FFD00B9C4B7 /* manga.json */; };
		79AF71A51D072C9B00608518 /* Alamofire.framework in Frameworks */ = {isa = PBXBuildFile; fileRef = 79AF719A1D072C9B00608518 /* Alamofire.framework */; };
		79AF71A61D072C9B00608518 /* Argo.framework in Frameworks */ = {isa = PBXBuildFile; fileRef = 79AF719B1D072C9B00608518 /* Argo.framework */; };
		79AF71A71D072C9B00608518 /* Curry.framework in Frameworks */ = {isa = PBXBuildFile; fileRef = 79AF719C1D072C9B00608518 /* Curry.framework */; };
		79AF71A81D072C9B00608518 /* Kingfisher.framework in Frameworks */ = {isa = PBXBuildFile; fileRef = 79AF719D1D072C9B00608518 /* Kingfisher.framework */; };
		79AF71A91D072C9B00608518 /* Moya.framework in Frameworks */ = {isa = PBXBuildFile; fileRef = 79AF719E1D072C9B00608518 /* Moya.framework */; };
		79AF71AA1D072C9B00608518 /* Result.framework in Frameworks */ = {isa = PBXBuildFile; fileRef = 79AF719F1D072C9B00608518 /* Result.framework */; };
		79AF71AB1D072C9B00608518 /* RxCocoa.framework in Frameworks */ = {isa = PBXBuildFile; fileRef = 79AF71A01D072C9B00608518 /* RxCocoa.framework */; };
		79AF71AC1D072C9B00608518 /* RxMoya.framework in Frameworks */ = {isa = PBXBuildFile; fileRef = 79AF71A11D072C9B00608518 /* RxMoya.framework */; };
		79AF71AD1D072C9B00608518 /* RxSwift.framework in Frameworks */ = {isa = PBXBuildFile; fileRef = 79AF71A21D072C9B00608518 /* RxSwift.framework */; };
		79AF71AF1D072C9B00608518 /* Swiftz.framework in Frameworks */ = {isa = PBXBuildFile; fileRef = 79AF71A41D072C9B00608518 /* Swiftz.framework */; };
		79AF71B31D072DB100608518 /* Manga.swift in Sources */ = {isa = PBXBuildFile; fileRef = 79AF71B21D072DB100608518 /* Manga.swift */; };
		79E85D771D0B22C50029FDA6 /* NSURL.swift in Sources */ = {isa = PBXBuildFile; fileRef = 79E85D761D0B22C50029FDA6 /* NSURL.swift */; };
		79E85D791D0B287D0029FDA6 /* ImageURL.swift in Sources */ = {isa = PBXBuildFile; fileRef = 79E85D781D0B287D0029FDA6 /* ImageURL.swift */; };
		79E85D7B1D0B2C110029FDA6 /* Chapter.swift in Sources */ = {isa = PBXBuildFile; fileRef = 79E85D7A1D0B2C110029FDA6 /* Chapter.swift */; };
		79E85D7E1D0B378C0029FDA6 /* Quick.framework in Frameworks */ = {isa = PBXBuildFile; fileRef = 79E85D7C1D0B378C0029FDA6 /* Quick.framework */; };
		79E85D7F1D0B378C0029FDA6 /* Nimble.framework in Frameworks */ = {isa = PBXBuildFile; fileRef = 79E85D7D1D0B378C0029FDA6 /* Nimble.framework */; };
		79E85D811D0B37E00029FDA6 /* Quick.framework in CopyFiles */ = {isa = PBXBuildFile; fileRef = 79E85D7C1D0B378C0029FDA6 /* Quick.framework */; settings = {ATTRIBUTES = (CodeSignOnCopy, RemoveHeadersOnCopy, ); }; };
		79E85D821D0B37E00029FDA6 /* Nimble.framework in CopyFiles */ = {isa = PBXBuildFile; fileRef = 79E85D7D1D0B378C0029FDA6 /* Nimble.framework */; settings = {ATTRIBUTES = (CodeSignOnCopy, RemoveHeadersOnCopy, ); }; };
		79E85D851D0B380D0029FDA6 /* ChapterSpec.swift in Sources */ = {isa = PBXBuildFile; fileRef = 79E85D841D0B380D0029FDA6 /* ChapterSpec.swift */; };
		79F094891D118D4F0029FB41 /* MangaCollection.xib in Resources */ = {isa = PBXBuildFile; fileRef = 79F094881D118D4F0029FB41 /* MangaCollection.xib */; };
		79F0948C1D1198F60029FB41 /* MangaCollectionViewController.swift in Sources */ = {isa = PBXBuildFile; fileRef = 79F0948B1D1198F60029FB41 /* MangaCollectionViewController.swift */; };
		79FF941B1D10776D00A7E450 /* RxMoyaResponse.swift in Sources */ = {isa = PBXBuildFile; fileRef = 79FF941A1D10776D00A7E450 /* RxMoyaResponse.swift */; };
/* End PBXBuildFile section */

/* Begin PBXContainerItemProxy section */
		798454D61D05CF3600BB7262 /* PBXContainerItemProxy */ = {
			isa = PBXContainerItemProxy;
			containerPortal = 798454BE1D05CF3500BB7262 /* Project object */;
			proxyType = 1;
			remoteGlobalIDString = 798454C51D05CF3500BB7262;
			remoteInfo = Yomu;
		};
/* End PBXContainerItemProxy section */

/* Begin PBXCopyFilesBuildPhase section */
		79E85D801D0B37B70029FDA6 /* CopyFiles */ = {
			isa = PBXCopyFilesBuildPhase;
			buildActionMask = 2147483647;
			dstPath = "";
			dstSubfolderSpec = 10;
			files = (
				79E85D811D0B37E00029FDA6 /* Quick.framework in CopyFiles */,
				79E85D821D0B37E00029FDA6 /* Nimble.framework in CopyFiles */,
			);
			runOnlyForDeploymentPostprocessing = 0;
		};
/* End PBXCopyFilesBuildPhase section */

/* Begin PBXFileReference section */
		7916A2051D1844DF007CA1BD /* ChapterPage.swift */ = {isa = PBXFileReference; fileEncoding = 4; lastKnownFileType = sourcecode.swift; path = ChapterPage.swift; sourceTree = "<group>"; };
		7916A2071D184701007CA1BD /* ChapterPageSpec.swift */ = {isa = PBXFileReference; fileEncoding = 4; lastKnownFileType = sourcecode.swift; path = ChapterPageSpec.swift; sourceTree = "<group>"; };
		794CF82A1D0D9A5B008761DF /* JSONFileReader.swift */ = {isa = PBXFileReference; fileEncoding = 4; lastKnownFileType = sourcecode.swift; path = JSONFileReader.swift; sourceTree = "<group>"; };
		794CF82C1D0D9B51008761DF /* MangaSpec.swift */ = {isa = PBXFileReference; fileEncoding = 4; lastKnownFileType = sourcecode.swift; path = MangaSpec.swift; sourceTree = "<group>"; };
		796048611D12FBEB006571B3 /* ChapterCollectionViewController.swift */ = {isa = PBXFileReference; fileEncoding = 4; lastKnownFileType = sourcecode.swift; path = ChapterCollectionViewController.swift; sourceTree = "<group>"; };
		796048641D13062E006571B3 /* DisposeBag.swift */ = {isa = PBXFileReference; fileEncoding = 4; lastKnownFileType = sourcecode.swift; path = DisposeBag.swift; sourceTree = "<group>"; };
		796048681D130887006571B3 /* ChapterItem.swift */ = {isa = PBXFileReference; fileEncoding = 4; lastKnownFileType = sourcecode.swift; path = ChapterItem.swift; sourceTree = "<group>"; };
		7960486C1D133230006571B3 /* ChapterItem.xib */ = {isa = PBXFileReference; fileEncoding = 4; lastKnownFileType = file.xib; path = ChapterItem.xib; sourceTree = "<group>"; };
		796052361D12EA2100CF0074 /* ChapterCollection.xib */ = {isa = PBXFileReference; fileEncoding = 4; lastKnownFileType = file.xib; path = ChapterCollection.xib; sourceTree = "<group>"; };
		798454C61D05CF3600BB7262 /* Yomu.app */ = {isa = PBXFileReference; explicitFileType = wrapper.application; includeInIndex = 0; path = Yomu.app; sourceTree = BUILT_PRODUCTS_DIR; };
		798454C91D05CF3600BB7262 /* AppDelegate.swift */ = {isa = PBXFileReference; lastKnownFileType = sourcecode.swift; path = AppDelegate.swift; sourceTree = "<group>"; };
		798454CB1D05CF3600BB7262 /* Assets.xcassets */ = {isa = PBXFileReference; lastKnownFileType = folder.assetcatalog; path = Assets.xcassets; sourceTree = "<group>"; };
		798454CE1D05CF3600BB7262 /* Base */ = {isa = PBXFileReference; lastKnownFileType = file.xib; name = Base; path = Base.lproj/MainMenu.xib; sourceTree = "<group>"; };
		798454D01D05CF3600BB7262 /* Info.plist */ = {isa = PBXFileReference; lastKnownFileType = text.plist.xml; path = Info.plist; sourceTree = "<group>"; };
		798454D51D05CF3600BB7262 /* YomuTests.xctest */ = {isa = PBXFileReference; explicitFileType = wrapper.cfbundle; includeInIndex = 0; path = YomuTests.xctest; sourceTree = BUILT_PRODUCTS_DIR; };
		798454DB1D05CF3600BB7262 /* Info.plist */ = {isa = PBXFileReference; lastKnownFileType = text.plist.xml; path = Info.plist; sourceTree = "<group>"; };
		798865E51D119BA500093761 /* MangaItem.xib */ = {isa = PBXFileReference; fileEncoding = 4; lastKnownFileType = file.xib; path = MangaItem.xib; sourceTree = "<group>"; };
		798865E91D11A1A400093761 /* MangaItem.swift */ = {isa = PBXFileReference; fileEncoding = 4; lastKnownFileType = sourcecode.swift; path = MangaItem.swift; sourceTree = "<group>"; };
		798866171D11AB4300093761 /* MangaEdenAPI.swift */ = {isa = PBXFileReference; fileEncoding = 4; lastKnownFileType = sourcecode.swift; path = MangaEdenAPI.swift; sourceTree = "<group>"; };
		7988661A1D11ADF900093761 /* ChaptersViewModel.swift */ = {isa = PBXFileReference; fileEncoding = 4; lastKnownFileType = sourcecode.swift; name = ChaptersViewModel.swift; path = Yomu/ChaptersViewModel.swift; sourceTree = SOURCE_ROOT; };
		79A10E641D0D9FFD00B9C4B7 /* manga.json */ = {isa = PBXFileReference; fileEncoding = 4; lastKnownFileType = text.json; path = manga.json; sourceTree = "<group>"; };
		79AF719A1D072C9B00608518 /* Alamofire.framework */ = {isa = PBXFileReference; lastKnownFileType = wrapper.framework; name = Alamofire.framework; path = Carthage/Build/Mac/Alamofire.framework; sourceTree = "<group>"; };
		79AF719B1D072C9B00608518 /* Argo.framework */ = {isa = PBXFileReference; lastKnownFileType = wrapper.framework; name = Argo.framework; path = Carthage/Build/Mac/Argo.framework; sourceTree = "<group>"; };
		79AF719C1D072C9B00608518 /* Curry.framework */ = {isa = PBXFileReference; lastKnownFileType = wrapper.framework; name = Curry.framework; path = Carthage/Build/Mac/Curry.framework; sourceTree = "<group>"; };
		79AF719D1D072C9B00608518 /* Kingfisher.framework */ = {isa = PBXFileReference; lastKnownFileType = wrapper.framework; name = Kingfisher.framework; path = Carthage/Build/Mac/Kingfisher.framework; sourceTree = "<group>"; };
		79AF719E1D072C9B00608518 /* Moya.framework */ = {isa = PBXFileReference; lastKnownFileType = wrapper.framework; name = Moya.framework; path = Carthage/Build/Mac/Moya.framework; sourceTree = "<group>"; };
		79AF719F1D072C9B00608518 /* Result.framework */ = {isa = PBXFileReference; lastKnownFileType = wrapper.framework; name = Result.framework; path = Carthage/Build/Mac/Result.framework; sourceTree = "<group>"; };
		79AF71A01D072C9B00608518 /* RxCocoa.framework */ = {isa = PBXFileReference; lastKnownFileType = wrapper.framework; name = RxCocoa.framework; path = Carthage/Build/Mac/RxCocoa.framework; sourceTree = "<group>"; };
		79AF71A11D072C9B00608518 /* RxMoya.framework */ = {isa = PBXFileReference; lastKnownFileType = wrapper.framework; name = RxMoya.framework; path = Carthage/Build/Mac/RxMoya.framework; sourceTree = "<group>"; };
		79AF71A21D072C9B00608518 /* RxSwift.framework */ = {isa = PBXFileReference; lastKnownFileType = wrapper.framework; name = RxSwift.framework; path = Carthage/Build/Mac/RxSwift.framework; sourceTree = "<group>"; };
		79AF71A41D072C9B00608518 /* Swiftz.framework */ = {isa = PBXFileReference; lastKnownFileType = wrapper.framework; name = Swiftz.framework; path = Carthage/Build/Mac/Swiftz.framework; sourceTree = "<group>"; };
		79AF71B21D072DB100608518 /* Manga.swift */ = {isa = PBXFileReference; fileEncoding = 4; lastKnownFileType = sourcecode.swift; path = Manga.swift; sourceTree = "<group>"; };
		79E85D761D0B22C50029FDA6 /* NSURL.swift */ = {isa = PBXFileReference; fileEncoding = 4; lastKnownFileType = sourcecode.swift; path = NSURL.swift; sourceTree = "<group>"; };
		79E85D781D0B287D0029FDA6 /* ImageURL.swift */ = {isa = PBXFileReference; fileEncoding = 4; lastKnownFileType = sourcecode.swift; path = ImageURL.swift; sourceTree = "<group>"; };
		79E85D7A1D0B2C110029FDA6 /* Chapter.swift */ = {isa = PBXFileReference; fileEncoding = 4; lastKnownFileType = sourcecode.swift; path = Chapter.swift; sourceTree = "<group>"; };
		79E85D7C1D0B378C0029FDA6 /* Quick.framework */ = {isa = PBXFileReference; lastKnownFileType = wrapper.framework; name = Quick.framework; path = Carthage/Build/Mac/Quick.framework; sourceTree = "<group>"; };
		79E85D7D1D0B378C0029FDA6 /* Nimble.framework */ = {isa = PBXFileReference; lastKnownFileType = wrapper.framework; name = Nimble.framework; path = Carthage/Build/Mac/Nimble.framework; sourceTree = "<group>"; };
		79E85D841D0B380D0029FDA6 /* ChapterSpec.swift */ = {isa = PBXFileReference; fileEncoding = 4; lastKnownFileType = sourcecode.swift; path = ChapterSpec.swift; sourceTree = "<group>"; };
		79F094881D118D4F0029FB41 /* MangaCollection.xib */ = {isa = PBXFileReference; fileEncoding = 4; lastKnownFileType = file.xib; path = MangaCollection.xib; sourceTree = "<group>"; };
		79F0948B1D1198F60029FB41 /* MangaCollectionViewController.swift */ = {isa = PBXFileReference; fileEncoding = 4; lastKnownFileType = sourcecode.swift; path = MangaCollectionViewController.swift; sourceTree = "<group>"; };
		79FF941A1D10776D00A7E450 /* RxMoyaResponse.swift */ = {isa = PBXFileReference; fileEncoding = 4; lastKnownFileType = sourcecode.swift; path = RxMoyaResponse.swift; sourceTree = "<group>"; };
/* End PBXFileReference section */

/* Begin PBXFrameworksBuildPhase section */
		798454C31D05CF3500BB7262 /* Frameworks */ = {
			isa = PBXFrameworksBuildPhase;
			buildActionMask = 2147483647;
			files = (
				79AF71A51D072C9B00608518 /* Alamofire.framework in Frameworks */,
				79AF71A61D072C9B00608518 /* Argo.framework in Frameworks */,
				79AF71A71D072C9B00608518 /* Curry.framework in Frameworks */,
				79AF71A81D072C9B00608518 /* Kingfisher.framework in Frameworks */,
				79AF71A91D072C9B00608518 /* Moya.framework in Frameworks */,
				79AF71AA1D072C9B00608518 /* Result.framework in Frameworks */,
				79AF71AB1D072C9B00608518 /* RxCocoa.framework in Frameworks */,
				79AF71AC1D072C9B00608518 /* RxMoya.framework in Frameworks */,
				79AF71AD1D072C9B00608518 /* RxSwift.framework in Frameworks */,
				79AF71AF1D072C9B00608518 /* Swiftz.framework in Frameworks */,
			);
			runOnlyForDeploymentPostprocessing = 0;
		};
		798454D21D05CF3600BB7262 /* Frameworks */ = {
			isa = PBXFrameworksBuildPhase;
			buildActionMask = 2147483647;
			files = (
				79E85D7E1D0B378C0029FDA6 /* Quick.framework in Frameworks */,
				79E85D7F1D0B378C0029FDA6 /* Nimble.framework in Frameworks */,
			);
			runOnlyForDeploymentPostprocessing = 0;
		};
/* End PBXFrameworksBuildPhase section */

/* Begin PBXGroup section */
		794CF8291D0D9A46008761DF /* Utils */ = {
			isa = PBXGroup;
			children = (
				794CF82A1D0D9A5B008761DF /* JSONFileReader.swift */,
			);
			path = Utils;
			sourceTree = "<group>";
		};
		796048631D130620006571B3 /* Utils */ = {
			isa = PBXGroup;
			children = (
				796048641D13062E006571B3 /* DisposeBag.swift */,
			);
			name = Utils;
			sourceTree = "<group>";
		};
		798454BD1D05CF3500BB7262 = {
			isa = PBXGroup;
			children = (
				79AF71991D072C8300608518 /* Frameworks */,
				798454C71D05CF3600BB7262 /* Products */,
				798454C81D05CF3600BB7262 /* Yomu */,
				798454D81D05CF3600BB7262 /* YomuTests */,
			);
			sourceTree = "<group>";
		};
		798454C71D05CF3600BB7262 /* Products */ = {
			isa = PBXGroup;
			children = (
				798454C61D05CF3600BB7262 /* Yomu.app */,
				798454D51D05CF3600BB7262 /* YomuTests.xctest */,
			);
			name = Products;
			sourceTree = "<group>";
		};
		798454C81D05CF3600BB7262 /* Yomu */ = {
			isa = PBXGroup;
			children = (
				796048631D130620006571B3 /* Utils */,
				798866161D11AB2100093761 /* API */,
				79F0948A1D1198C80029FB41 /* Controllers */,
				79E85D741D0B22A80029FDA6 /* Extensions */,
				79AF71B11D072D9900608518 /* Models */,
				798866191D11ADD800093761 /* ViewModels */,
				79F094871D118B300029FB41 /* Views */,
				798454C91D05CF3600BB7262 /* AppDelegate.swift */,
				798454CB1D05CF3600BB7262 /* Assets.xcassets */,
				798454D01D05CF3600BB7262 /* Info.plist */,
				798454CD1D05CF3600BB7262 /* MainMenu.xib */,
			);
			path = Yomu;
			sourceTree = "<group>";
		};
		798454D81D05CF3600BB7262 /* YomuTests */ = {
			isa = PBXGroup;
			children = (
				79E85D831D0B37EF0029FDA6 /* Models */,
				794CF8291D0D9A46008761DF /* Utils */,
				79A10E631D0D9FEF00B9C4B7 /* stubs */,
				798454DB1D05CF3600BB7262 /* Info.plist */,
			);
			path = YomuTests;
			sourceTree = "<group>";
		};
		798865E71D11A16F00093761 /* xibs */ = {
			isa = PBXGroup;
			children = (
				79F094881D118D4F0029FB41 /* MangaCollection.xib */,
				798865E51D119BA500093761 /* MangaItem.xib */,
				7960486C1D133230006571B3 /* ChapterItem.xib */,
				796052361D12EA2100CF0074 /* ChapterCollection.xib */,
			);
			path = xibs;
			sourceTree = "<group>";
		};
		798865E81D11A18400093761 /* Implementations */ = {
			isa = PBXGroup;
			children = (
				798865E91D11A1A400093761 /* MangaItem.swift */,
				796048681D130887006571B3 /* ChapterItem.swift */,
			);
			path = Implementations;
			sourceTree = "<group>";
		};
		798866161D11AB2100093761 /* API */ = {
			isa = PBXGroup;
			children = (
				798866171D11AB4300093761 /* MangaEdenAPI.swift */,
			);
			path = API;
			sourceTree = "<group>";
		};
		798866191D11ADD800093761 /* ViewModels */ = {
			isa = PBXGroup;
			children = (
				7988661A1D11ADF900093761 /* ChaptersViewModel.swift */,
			);
			path = ViewModels;
			sourceTree = "<group>";
		};
		79A10E631D0D9FEF00B9C4B7 /* stubs */ = {
			isa = PBXGroup;
			children = (
				79A10E641D0D9FFD00B9C4B7 /* manga.json */,
			);
			path = stubs;
			sourceTree = "<group>";
		};
		79AF71991D072C8300608518 /* Frameworks */ = {
			isa = PBXGroup;
			children = (
				79E85D7C1D0B378C0029FDA6 /* Quick.framework */,
				79E85D7D1D0B378C0029FDA6 /* Nimble.framework */,
				79AF719A1D072C9B00608518 /* Alamofire.framework */,
				79AF719B1D072C9B00608518 /* Argo.framework */,
				79AF719C1D072C9B00608518 /* Curry.framework */,
				79AF719D1D072C9B00608518 /* Kingfisher.framework */,
				79AF719E1D072C9B00608518 /* Moya.framework */,
				79AF719F1D072C9B00608518 /* Result.framework */,
				79AF71A01D072C9B00608518 /* RxCocoa.framework */,
				79AF71A11D072C9B00608518 /* RxMoya.framework */,
				79AF71A21D072C9B00608518 /* RxSwift.framework */,
				79AF71A41D072C9B00608518 /* Swiftz.framework */,
			);
			name = Frameworks;
			sourceTree = "<group>";
		};
		79AF71B11D072D9900608518 /* Models */ = {
			isa = PBXGroup;
			children = (
				79E85D781D0B287D0029FDA6 /* ImageURL.swift */,
				79AF71B21D072DB100608518 /* Manga.swift */,
				79E85D7A1D0B2C110029FDA6 /* Chapter.swift */,
				7916A2051D1844DF007CA1BD /* ChapterPage.swift */,
			);
			path = Models;
			sourceTree = "<group>";
		};
		79E85D741D0B22A80029FDA6 /* Extensions */ = {
			isa = PBXGroup;
			children = (
				79E85D761D0B22C50029FDA6 /* NSURL.swift */,
				79FF941A1D10776D00A7E450 /* RxMoyaResponse.swift */,
			);
			path = Extensions;
			sourceTree = "<group>";
		};
		79E85D831D0B37EF0029FDA6 /* Models */ = {
			isa = PBXGroup;
			children = (
				79E85D841D0B380D0029FDA6 /* ChapterSpec.swift */,
				7916A2071D184701007CA1BD /* ChapterPageSpec.swift */,
				794CF82C1D0D9B51008761DF /* MangaSpec.swift */,
			);
			path = Models;
			sourceTree = "<group>";
		};
		79F094871D118B300029FB41 /* Views */ = {
			isa = PBXGroup;
			children = (
				798865E81D11A18400093761 /* Implementations */,
				798865E71D11A16F00093761 /* xibs */,
			);
			path = Views;
			sourceTree = "<group>";
		};
		79F0948A1D1198C80029FB41 /* Controllers */ = {
			isa = PBXGroup;
			children = (
				79F0948B1D1198F60029FB41 /* MangaCollectionViewController.swift */,
				796048611D12FBEB006571B3 /* ChapterCollectionViewController.swift */,
			);
			path = Controllers;
			sourceTree = "<group>";
		};
/* End PBXGroup section */

/* Begin PBXNativeTarget section */
		798454C51D05CF3500BB7262 /* Yomu */ = {
			isa = PBXNativeTarget;
			buildConfigurationList = 798454DE1D05CF3600BB7262 /* Build configuration list for PBXNativeTarget "Yomu" */;
			buildPhases = (
				798454C21D05CF3500BB7262 /* Sources */,
				798454C31D05CF3500BB7262 /* Frameworks */,
				798454C41D05CF3500BB7262 /* Resources */,
				79AF71981D072BC900608518 /* [Run Script - Carthage] Copy Frameworks */,
				79AF71B01D072CC200608518 /* [Run Script - Swiftlint] Lint */,
			);
			buildRules = (
			);
			dependencies = (
			);
			name = Yomu;
			productName = Yomu;
			productReference = 798454C61D05CF3600BB7262 /* Yomu.app */;
			productType = "com.apple.product-type.application";
		};
		798454D41D05CF3600BB7262 /* YomuTests */ = {
			isa = PBXNativeTarget;
			buildConfigurationList = 798454E11D05CF3600BB7262 /* Build configuration list for PBXNativeTarget "YomuTests" */;
			buildPhases = (
				798454D11D05CF3600BB7262 /* Sources */,
				798454D21D05CF3600BB7262 /* Frameworks */,
				798454D31D05CF3600BB7262 /* Resources */,
				79E85D801D0B37B70029FDA6 /* CopyFiles */,
			);
			buildRules = (
			);
			dependencies = (
				798454D71D05CF3600BB7262 /* PBXTargetDependency */,
			);
			name = YomuTests;
			productName = YomuTests;
			productReference = 798454D51D05CF3600BB7262 /* YomuTests.xctest */;
			productType = "com.apple.product-type.bundle.unit-test";
		};
/* End PBXNativeTarget section */

/* Begin PBXProject section */
		798454BE1D05CF3500BB7262 /* Project object */ = {
			isa = PBXProject;
			attributes = {
				LastSwiftUpdateCheck = 0730;
				LastUpgradeCheck = 0730;
				ORGANIZATIONNAME = "Sendy Halim";
				TargetAttributes = {
					798454C51D05CF3500BB7262 = {
						CreatedOnToolsVersion = 7.3.1;
					};
					798454D41D05CF3600BB7262 = {
						CreatedOnToolsVersion = 7.3.1;
						TestTargetID = 798454C51D05CF3500BB7262;
					};
				};
			};
			buildConfigurationList = 798454C11D05CF3500BB7262 /* Build configuration list for PBXProject "Yomu" */;
			compatibilityVersion = "Xcode 3.2";
			developmentRegion = English;
			hasScannedForEncodings = 0;
			knownRegions = (
				en,
				Base,
			);
			mainGroup = 798454BD1D05CF3500BB7262;
			productRefGroup = 798454C71D05CF3600BB7262 /* Products */;
			projectDirPath = "";
			projectRoot = "";
			targets = (
				798454C51D05CF3500BB7262 /* Yomu */,
				798454D41D05CF3600BB7262 /* YomuTests */,
			);
		};
/* End PBXProject section */

/* Begin PBXResourcesBuildPhase section */
		798454C41D05CF3500BB7262 /* Resources */ = {
			isa = PBXResourcesBuildPhase;
			buildActionMask = 2147483647;
			files = (
				7960486D1D133230006571B3 /* ChapterItem.xib in Resources */,
				798454CC1D05CF3600BB7262 /* Assets.xcassets in Resources */,
				798454CF1D05CF3600BB7262 /* MainMenu.xib in Resources */,
				796052371D12EA2100CF0074 /* ChapterCollection.xib in Resources */,
				798865E61D119BA500093761 /* MangaItem.xib in Resources */,
				79F094891D118D4F0029FB41 /* MangaCollection.xib in Resources */,
			);
			runOnlyForDeploymentPostprocessing = 0;
		};
		798454D31D05CF3600BB7262 /* Resources */ = {
			isa = PBXResourcesBuildPhase;
			buildActionMask = 2147483647;
			files = (
				79A10E651D0D9FFD00B9C4B7 /* manga.json in Resources */,
			);
			runOnlyForDeploymentPostprocessing = 0;
		};
/* End PBXResourcesBuildPhase section */

/* Begin PBXShellScriptBuildPhase section */
		79AF71981D072BC900608518 /* [Run Script - Carthage] Copy Frameworks */ = {
			isa = PBXShellScriptBuildPhase;
			buildActionMask = 2147483647;
			files = (
			);
			inputPaths = (
				"$(SRCROOT)/Carthage/Build/Mac/Alamofire.framework",
				"$(SRCROOT)/Carthage/Build/Mac/Argo.framework",
				"$(SRCROOT)/Carthage/Build/Mac/Curry.framework",
				"$(SRCROOT)/Carthage/Build/Mac/Kingfisher.framework",
				"$(SRCROOT)/Carthage/Build/Mac/Moya.framework",
				"$(SRCROOT)/Carthage/Build/Mac/Result.framework",
				"$(SRCROOT)/Carthage/Build/Mac/RxCocoa.framework",
				"$(SRCROOT)/Carthage/Build/Mac/RxMoya.framework",
				"$(SRCROOT)/Carthage/Build/Mac/RxSwift.framework",
				"$(SRCROOT)/Carthage/Build/Mac/Swiftz.framework",
			);
			name = "[Run Script - Carthage] Copy Frameworks";
			outputPaths = (
			);
			runOnlyForDeploymentPostprocessing = 0;
			shellPath = /bin/sh;
			shellScript = "carthage copy-frameworks";
		};
		79AF71B01D072CC200608518 /* [Run Script - Swiftlint] Lint */ = {
			isa = PBXShellScriptBuildPhase;
			buildActionMask = 2147483647;
			files = (
			);
			inputPaths = (
			);
			name = "[Run Script - Swiftlint] Lint";
			outputPaths = (
			);
			runOnlyForDeploymentPostprocessing = 0;
			shellPath = /bin/sh;
			shellScript = "if which swiftlint >/dev/null; then\n    swiftlint\nelse\n    echo \"warning: SwiftLint not installed, download from https://github.com/realm/SwiftLint\"\nfi";
		};
/* End PBXShellScriptBuildPhase section */

/* Begin PBXSourcesBuildPhase section */
		798454C21D05CF3500BB7262 /* Sources */ = {
			isa = PBXSourcesBuildPhase;
			buildActionMask = 2147483647;
			files = (
				79AF71B31D072DB100608518 /* Manga.swift in Sources */,
				798866181D11AB4300093761 /* MangaEdenAPI.swift in Sources */,
				79F0948C1D1198F60029FB41 /* MangaCollectionViewController.swift in Sources */,
				798454CA1D05CF3600BB7262 /* AppDelegate.swift in Sources */,
				79FF941B1D10776D00A7E450 /* RxMoyaResponse.swift in Sources */,
				79E85D771D0B22C50029FDA6 /* NSURL.swift in Sources */,
				79E85D791D0B287D0029FDA6 /* ImageURL.swift in Sources */,
				7988661B1D11ADF900093761 /* ChaptersViewModel.swift in Sources */,
				796048691D130887006571B3 /* ChapterItem.swift in Sources */,
				796048651D13062E006571B3 /* DisposeBag.swift in Sources */,
				798865EA1D11A1A400093761 /* MangaItem.swift in Sources */,
				796048621D12FBEB006571B3 /* ChapterCollectionViewController.swift in Sources */,
				7916A2061D1844DF007CA1BD /* ChapterPage.swift in Sources */,
				79E85D7B1D0B2C110029FDA6 /* Chapter.swift in Sources */,
			);
			runOnlyForDeploymentPostprocessing = 0;
		};
		798454D11D05CF3600BB7262 /* Sources */ = {
			isa = PBXSourcesBuildPhase;
			buildActionMask = 2147483647;
			files = (
				79E85D851D0B380D0029FDA6 /* ChapterSpec.swift in Sources */,
				794CF82D1D0D9B51008761DF /* MangaSpec.swift in Sources */,
				794CF82B1D0D9A5B008761DF /* JSONFileReader.swift in Sources */,
				7916A2081D184701007CA1BD /* ChapterPageSpec.swift in Sources */,
			);
			runOnlyForDeploymentPostprocessing = 0;
		};
/* End PBXSourcesBuildPhase section */

/* Begin PBXTargetDependency section */
		798454D71D05CF3600BB7262 /* PBXTargetDependency */ = {
			isa = PBXTargetDependency;
			target = 798454C51D05CF3500BB7262 /* Yomu */;
			targetProxy = 798454D61D05CF3600BB7262 /* PBXContainerItemProxy */;
		};
/* End PBXTargetDependency section */

/* Begin PBXVariantGroup section */
		798454CD1D05CF3600BB7262 /* MainMenu.xib */ = {
			isa = PBXVariantGroup;
			children = (
				798454CE1D05CF3600BB7262 /* Base */,
			);
			name = MainMenu.xib;
			path = .;
			sourceTree = "<group>";
		};
/* End PBXVariantGroup section */

/* Begin XCBuildConfiguration section */
		798454DC1D05CF3600BB7262 /* Debug */ = {
			isa = XCBuildConfiguration;
			buildSettings = {
				ALWAYS_SEARCH_USER_PATHS = NO;
				CLANG_ANALYZER_NONNULL = YES;
				CLANG_CXX_LANGUAGE_STANDARD = "gnu++0x";
				CLANG_CXX_LIBRARY = "libc++";
				CLANG_ENABLE_MODULES = YES;
				CLANG_ENABLE_OBJC_ARC = YES;
				CLANG_WARN_BOOL_CONVERSION = YES;
				CLANG_WARN_CONSTANT_CONVERSION = YES;
				CLANG_WARN_DIRECT_OBJC_ISA_USAGE = YES_ERROR;
				CLANG_WARN_EMPTY_BODY = YES;
				CLANG_WARN_ENUM_CONVERSION = YES;
				CLANG_WARN_INT_CONVERSION = YES;
				CLANG_WARN_OBJC_ROOT_CLASS = YES_ERROR;
				CLANG_WARN_UNREACHABLE_CODE = YES;
				CLANG_WARN__DUPLICATE_METHOD_MATCH = YES;
				CODE_SIGN_IDENTITY = "-";
				COPY_PHASE_STRIP = NO;
				DEBUG_INFORMATION_FORMAT = dwarf;
				ENABLE_STRICT_OBJC_MSGSEND = YES;
				ENABLE_TESTABILITY = YES;
				GCC_C_LANGUAGE_STANDARD = gnu99;
				GCC_DYNAMIC_NO_PIC = NO;
				GCC_NO_COMMON_BLOCKS = YES;
				GCC_OPTIMIZATION_LEVEL = 0;
				GCC_PREPROCESSOR_DEFINITIONS = (
					"DEBUG=1",
					"$(inherited)",
				);
				GCC_WARN_64_TO_32_BIT_CONVERSION = YES;
				GCC_WARN_ABOUT_RETURN_TYPE = YES_ERROR;
				GCC_WARN_UNDECLARED_SELECTOR = YES;
				GCC_WARN_UNINITIALIZED_AUTOS = YES_AGGRESSIVE;
				GCC_WARN_UNUSED_FUNCTION = YES;
				GCC_WARN_UNUSED_VARIABLE = YES;
				MACOSX_DEPLOYMENT_TARGET = 10.11;
				MTL_ENABLE_DEBUG_INFO = YES;
				ONLY_ACTIVE_ARCH = YES;
				SDKROOT = macosx;
				SWIFT_OPTIMIZATION_LEVEL = "-Onone";
			};
			name = Debug;
		};
		798454DD1D05CF3600BB7262 /* Release */ = {
			isa = XCBuildConfiguration;
			buildSettings = {
				ALWAYS_SEARCH_USER_PATHS = NO;
				CLANG_ANALYZER_NONNULL = YES;
				CLANG_CXX_LANGUAGE_STANDARD = "gnu++0x";
				CLANG_CXX_LIBRARY = "libc++";
				CLANG_ENABLE_MODULES = YES;
				CLANG_ENABLE_OBJC_ARC = YES;
				CLANG_WARN_BOOL_CONVERSION = YES;
				CLANG_WARN_CONSTANT_CONVERSION = YES;
				CLANG_WARN_DIRECT_OBJC_ISA_USAGE = YES_ERROR;
				CLANG_WARN_EMPTY_BODY = YES;
				CLANG_WARN_ENUM_CONVERSION = YES;
				CLANG_WARN_INT_CONVERSION = YES;
				CLANG_WARN_OBJC_ROOT_CLASS = YES_ERROR;
				CLANG_WARN_UNREACHABLE_CODE = YES;
				CLANG_WARN__DUPLICATE_METHOD_MATCH = YES;
				CODE_SIGN_IDENTITY = "-";
				COPY_PHASE_STRIP = NO;
				DEBUG_INFORMATION_FORMAT = "dwarf-with-dsym";
				ENABLE_NS_ASSERTIONS = NO;
				ENABLE_STRICT_OBJC_MSGSEND = YES;
				GCC_C_LANGUAGE_STANDARD = gnu99;
				GCC_NO_COMMON_BLOCKS = YES;
				GCC_WARN_64_TO_32_BIT_CONVERSION = YES;
				GCC_WARN_ABOUT_RETURN_TYPE = YES_ERROR;
				GCC_WARN_UNDECLARED_SELECTOR = YES;
				GCC_WARN_UNINITIALIZED_AUTOS = YES_AGGRESSIVE;
				GCC_WARN_UNUSED_FUNCTION = YES;
				GCC_WARN_UNUSED_VARIABLE = YES;
				MACOSX_DEPLOYMENT_TARGET = 10.11;
				MTL_ENABLE_DEBUG_INFO = NO;
				SDKROOT = macosx;
			};
			name = Release;
		};
		798454DF1D05CF3600BB7262 /* Debug */ = {
			isa = XCBuildConfiguration;
			buildSettings = {
				ASSETCATALOG_COMPILER_APPICON_NAME = AppIcon;
				COMBINE_HIDPI_IMAGES = YES;
				FRAMEWORK_SEARCH_PATHS = (
					"$(inherited)",
					"$(PROJECT_DIR)/Carthage/Build/Mac",
				);
				INFOPLIST_FILE = Yomu/Info.plist;
				LD_RUNPATH_SEARCH_PATHS = "$(inherited) @executable_path/../Frameworks";
				PRODUCT_BUNDLE_IDENTIFIER = com.sendyhalim.Yomu;
				PRODUCT_NAME = "$(TARGET_NAME)";
			};
			name = Debug;
		};
		798454E01D05CF3600BB7262 /* Release */ = {
			isa = XCBuildConfiguration;
			buildSettings = {
				ASSETCATALOG_COMPILER_APPICON_NAME = AppIcon;
				COMBINE_HIDPI_IMAGES = YES;
				FRAMEWORK_SEARCH_PATHS = (
					"$(inherited)",
					"$(PROJECT_DIR)/Carthage/Build/Mac",
				);
				INFOPLIST_FILE = Yomu/Info.plist;
				LD_RUNPATH_SEARCH_PATHS = "$(inherited) @executable_path/../Frameworks";
				PRODUCT_BUNDLE_IDENTIFIER = com.sendyhalim.Yomu;
				PRODUCT_NAME = "$(TARGET_NAME)";
			};
			name = Release;
		};
		798454E21D05CF3600BB7262 /* Debug */ = {
			isa = XCBuildConfiguration;
			buildSettings = {
				BUNDLE_LOADER = "$(TEST_HOST)";
				CLANG_ENABLE_MODULES = YES;
				COMBINE_HIDPI_IMAGES = YES;
				FRAMEWORK_SEARCH_PATHS = (
					"$(inherited)",
					"$(PROJECT_DIR)/Carthage/Build/Mac",
				);
				INFOPLIST_FILE = YomuTests/Info.plist;
				LD_RUNPATH_SEARCH_PATHS = "$(inherited) @executable_path/../Frameworks @loader_path/../Frameworks";
				PRODUCT_BUNDLE_IDENTIFIER = com.sendyhalim.YomuTests;
				PRODUCT_NAME = "$(TARGET_NAME)";
				SWIFT_OPTIMIZATION_LEVEL = "-Onone";
				TEST_HOST = "$(BUILT_PRODUCTS_DIR)/Yomu.app/Contents/MacOS/Yomu";
			};
			name = Debug;
		};
		798454E31D05CF3600BB7262 /* Release */ = {
			isa = XCBuildConfiguration;
			buildSettings = {
				BUNDLE_LOADER = "$(TEST_HOST)";
				CLANG_ENABLE_MODULES = YES;
				COMBINE_HIDPI_IMAGES = YES;
				FRAMEWORK_SEARCH_PATHS = (
					"$(inherited)",
					"$(PROJECT_DIR)/Carthage/Build/Mac",
				);
				INFOPLIST_FILE = YomuTests/Info.plist;
				LD_RUNPATH_SEARCH_PATHS = "$(inherited) @executable_path/../Frameworks @loader_path/../Frameworks";
				PRODUCT_BUNDLE_IDENTIFIER = com.sendyhalim.YomuTests;
				PRODUCT_NAME = "$(TARGET_NAME)";
				TEST_HOST = "$(BUILT_PRODUCTS_DIR)/Yomu.app/Contents/MacOS/Yomu";
			};
			name = Release;
		};
/* End XCBuildConfiguration section */

/* Begin XCConfigurationList section */
		798454C11D05CF3500BB7262 /* Build configuration list for PBXProject "Yomu" */ = {
			isa = XCConfigurationList;
			buildConfigurations = (
				798454DC1D05CF3600BB7262 /* Debug */,
				798454DD1D05CF3600BB7262 /* Release */,
			);
			defaultConfigurationIsVisible = 0;
			defaultConfigurationName = Release;
		};
		798454DE1D05CF3600BB7262 /* Build configuration list for PBXNativeTarget "Yomu" */ = {
			isa = XCConfigurationList;
			buildConfigurations = (
				798454DF1D05CF3600BB7262 /* Debug */,
				798454E01D05CF3600BB7262 /* Release */,
			);
			defaultConfigurationIsVisible = 0;
			defaultConfigurationName = Release;
		};
		798454E11D05CF3600BB7262 /* Build configuration list for PBXNativeTarget "YomuTests" */ = {
			isa = XCConfigurationList;
			buildConfigurations = (
				798454E21D05CF3600BB7262 /* Debug */,
				798454E31D05CF3600BB7262 /* Release */,
			);
			defaultConfigurationIsVisible = 0;
			defaultConfigurationName = Release;
		};
/* End XCConfigurationList section */
	};
	rootObject = 798454BE1D05CF3500BB7262 /* Project object */;
}
